// !$*UTF8*$!
{
	archiveVersion = 1;
	classes = {
	};
	objectVersion = 46;
	objects = {

/* Begin PBXBuildFile section */
		6B64CEDD1A5AADE200C2B98A /* AAShareBubbles.m in Sources */ = {isa = PBXBuildFile; fileRef = 6B64CEDA1A5AADE200C2B98A /* AAShareBubbles.m */; };
		6B64CEDE1A5AADE200C2B98A /* LookForAnnotationView.m in Sources */ = {isa = PBXBuildFile; fileRef = 6B64CEDC1A5AADE200C2B98A /* LookForAnnotationView.m */; };
		6B64CEFE1A5BD7E700C2B98A /* LookForRightSlideButtonView.m in Sources */ = {isa = PBXBuildFile; fileRef = 6B64CEFD1A5BD7E700C2B98A /* LookForRightSlideButtonView.m */; };
		6B64CF031A5BEAB100C2B98A /* poi_1.png in Resources */ = {isa = PBXBuildFile; fileRef = 6B64CF021A5BEAB100C2B98A /* poi_1.png */; };
		6B64CF091A5C354200C2B98A /* LookForRouteSearchViewController.m in Sources */ = {isa = PBXBuildFile; fileRef = 6B64CF081A5C354200C2B98A /* LookForRouteSearchViewController.m */; };
		6BBE087E1A524EA800FC15C6 /* DBManager.m in Sources */ = {isa = PBXBuildFile; fileRef = 6BBE082E1A524EA800FC15C6 /* DBManager.m */; };
		6BBE087F1A524EA800FC15C6 /* NSString+MD5Addition.m in Sources */ = {isa = PBXBuildFile; fileRef = 6BBE08311A524EA800FC15C6 /* NSString+MD5Addition.m */; };
		6BBE08801A524EA800FC15C6 /* UIDevice+IdentifierAddition.m in Sources */ = {isa = PBXBuildFile; fileRef = 6BBE08331A524EA800FC15C6 /* UIDevice+IdentifierAddition.m */; };
		6BBE08811A524EA800FC15C6 /* LookForConfig.m in Sources */ = {isa = PBXBuildFile; fileRef = 6BBE08351A524EA800FC15C6 /* LookForConfig.m */; };
		6BBE08821A524EA800FC15C6 /* LookForContentService.m in Sources */ = {isa = PBXBuildFile; fileRef = 6BBE08371A524EA800FC15C6 /* LookForContentService.m */; };
		6BBE08831A524EA800FC15C6 /* LooKForDataConvert.m in Sources */ = {isa = PBXBuildFile; fileRef = 6BBE08391A524EA800FC15C6 /* LooKForDataConvert.m */; };
		6BBE08841A524EA800FC15C6 /* LookForResponse.m in Sources */ = {isa = PBXBuildFile; fileRef = 6BBE083B1A524EA800FC15C6 /* LookForResponse.m */; };
		6BBE08851A524EA800FC15C6 /* LookForResponseCenter.m in Sources */ = {isa = PBXBuildFile; fileRef = 6BBE083D1A524EA800FC15C6 /* LookForResponseCenter.m */; };
		6BBE08861A524EA800FC15C6 /* LookForUtil.m in Sources */ = {isa = PBXBuildFile; fileRef = 6BBE083F1A524EA800FC15C6 /* LookForUtil.m */; };
		6BBE08871A524EA800FC15C6 /* LookForContentModel.m in Sources */ = {isa = PBXBuildFile; fileRef = 6BBE08421A524EA800FC15C6 /* LookForContentModel.m */; };
		6BBE08881A524EA800FC15C6 /* LookForIMP.m in Sources */ = {isa = PBXBuildFile; fileRef = 6BBE08451A524EA800FC15C6 /* LookForIMP.m */; };
		6BBE08891A524EA800FC15C6 /* LookForBaseService.m in Sources */ = {isa = PBXBuildFile; fileRef = 6BBE08481A524EA800FC15C6 /* LookForBaseService.m */; };
		6BBE08911A524EA800FC15C6 /* LookForServiceSchedular.m in Sources */ = {isa = PBXBuildFile; fileRef = 6BBE08581A524EA800FC15C6 /* LookForServiceSchedular.m */; };
		6BBE08921A524EA800FC15C6 /* AFHTTPRequestOperation.m in Sources */ = {isa = PBXBuildFile; fileRef = 6BBE085C1A524EA800FC15C6 /* AFHTTPRequestOperation.m */; };
		6BBE08931A524EA800FC15C6 /* AFHTTPRequestOperationManager.m in Sources */ = {isa = PBXBuildFile; fileRef = 6BBE085E1A524EA800FC15C6 /* AFHTTPRequestOperationManager.m */; };
		6BBE08941A524EA800FC15C6 /* AFHTTPSessionManager.m in Sources */ = {isa = PBXBuildFile; fileRef = 6BBE08601A524EA800FC15C6 /* AFHTTPSessionManager.m */; };
		6BBE08951A524EA800FC15C6 /* AFNetworkReachabilityManager.m in Sources */ = {isa = PBXBuildFile; fileRef = 6BBE08631A524EA800FC15C6 /* AFNetworkReachabilityManager.m */; };
		6BBE08961A524EA800FC15C6 /* AFSecurityPolicy.m in Sources */ = {isa = PBXBuildFile; fileRef = 6BBE08651A524EA800FC15C6 /* AFSecurityPolicy.m */; };
		6BBE08971A524EA800FC15C6 /* AFURLConnectionOperation.m in Sources */ = {isa = PBXBuildFile; fileRef = 6BBE08671A524EA800FC15C6 /* AFURLConnectionOperation.m */; };
		6BBE08981A524EA800FC15C6 /* AFURLRequestSerialization.m in Sources */ = {isa = PBXBuildFile; fileRef = 6BBE08691A524EA800FC15C6 /* AFURLRequestSerialization.m */; };
		6BBE08991A524EA800FC15C6 /* AFURLResponseSerialization.m in Sources */ = {isa = PBXBuildFile; fileRef = 6BBE086B1A524EA800FC15C6 /* AFURLResponseSerialization.m */; };
		6BBE089A1A524EA800FC15C6 /* AFURLSessionManager.m in Sources */ = {isa = PBXBuildFile; fileRef = 6BBE086D1A524EA800FC15C6 /* AFURLSessionManager.m */; };
		6BBE089B1A524EA800FC15C6 /* NSString+MD5.m in Sources */ = {isa = PBXBuildFile; fileRef = 6BBE086F1A524EA800FC15C6 /* NSString+MD5.m */; };
		6BBE089C1A524EA800FC15C6 /* UIImageView+AFNetworking.m in Sources */ = {isa = PBXBuildFile; fileRef = 6BBE08711A524EA800FC15C6 /* UIImageView+AFNetworking.m */; };
		6BBE089D1A524EA800FC15C6 /* FMDatabase.m in Sources */ = {isa = PBXBuildFile; fileRef = 6BBE08741A524EA800FC15C6 /* FMDatabase.m */; };
		6BBE089E1A524EA800FC15C6 /* FMDatabaseAdditions.m in Sources */ = {isa = PBXBuildFile; fileRef = 6BBE08761A524EA800FC15C6 /* FMDatabaseAdditions.m */; };
		6BBE089F1A524EA800FC15C6 /* FMDatabasePool.m in Sources */ = {isa = PBXBuildFile; fileRef = 6BBE08781A524EA800FC15C6 /* FMDatabasePool.m */; };
		6BBE08A01A524EA800FC15C6 /* FMDatabaseQueue.m in Sources */ = {isa = PBXBuildFile; fileRef = 6BBE087A1A524EA800FC15C6 /* FMDatabaseQueue.m */; };
		6BBE08A11A524EA800FC15C6 /* FMResultSet.m in Sources */ = {isa = PBXBuildFile; fileRef = 6BBE087D1A524EA800FC15C6 /* FMResultSet.m */; };
		6BBE08A41A52507E00FC15C6 /* LookForLoginService.m in Sources */ = {isa = PBXBuildFile; fileRef = 6BBE08A31A52507E00FC15C6 /* LookForLoginService.m */; };
		6BBE08A91A5251CE00FC15C6 /* CFNetwork.framework in Frameworks */ = {isa = PBXBuildFile; fileRef = 6BBE08A51A5251CE00FC15C6 /* CFNetwork.framework */; };
		6BBE08AA1A5251CE00FC15C6 /* CoreImage.framework in Frameworks */ = {isa = PBXBuildFile; fileRef = 6BBE08A61A5251CE00FC15C6 /* CoreImage.framework */; };
		6BBE08AB1A5251CE00FC15C6 /* libsqlite3.0.dylib in Frameworks */ = {isa = PBXBuildFile; fileRef = 6BBE08A71A5251CE00FC15C6 /* libsqlite3.0.dylib */; };
		6BBE08AC1A5251CE00FC15C6 /* QuartzCore.framework in Frameworks */ = {isa = PBXBuildFile; fileRef = 6BBE08A81A5251CE00FC15C6 /* QuartzCore.framework */; };
		6BBE08B11A525BD300FC15C6 /* CoreLocation.framework in Frameworks */ = {isa = PBXBuildFile; fileRef = 6BBE08AF1A525BD300FC15C6 /* CoreLocation.framework */; };
		6BBE08F61A527B6400FC15C6 /* libbaidumapapi.a in Frameworks */ = {isa = PBXBuildFile; fileRef = 6BBE08F41A527B6400FC15C6 /* libbaidumapapi.a */; };
		6BBE08F71A527B6400FC15C6 /* mapapi.bundle in Resources */ = {isa = PBXBuildFile; fileRef = 6BBE08F51A527B6400FC15C6 /* mapapi.bundle */; };
		6BBE08FC1A527C2100FC15C6 /* MessageUI.framework in Frameworks */ = {isa = PBXBuildFile; fileRef = 6BBE08F81A527C2100FC15C6 /* MessageUI.framework */; };
		6BBE08FD1A527C2100FC15C6 /* OpenGLES.framework in Frameworks */ = {isa = PBXBuildFile; fileRef = 6BBE08F91A527C2100FC15C6 /* OpenGLES.framework */; };
		6BBE08FE1A527C2100FC15C6 /* Security.framework in Frameworks */ = {isa = PBXBuildFile; fileRef = 6BBE08FA1A527C2100FC15C6 /* Security.framework */; };
		6BBE08FF1A527C2100FC15C6 /* SystemConfiguration.framework in Frameworks */ = {isa = PBXBuildFile; fileRef = 6BBE08FB1A527C2100FC15C6 /* SystemConfiguration.framework */; };
		6BBE09091A52C81100FC15C6 /* Default-568h@2x.png in Resources */ = {isa = PBXBuildFile; fileRef = 6BBE09051A52C81100FC15C6 /* Default-568h@2x.png */; };
		6BBE090A1A52C81100FC15C6 /* Default.png in Resources */ = {isa = PBXBuildFile; fileRef = 6BBE09061A52C81100FC15C6 /* Default.png */; };
		6BBE090B1A52C81100FC15C6 /* icare_iphone_lightline.png in Resources */ = {isa = PBXBuildFile; fileRef = 6BBE09071A52C81100FC15C6 /* icare_iphone_lightline.png */; };
		6BBE090C1A52C81100FC15C6 /* icare_iphone_lightpoint.png in Resources */ = {isa = PBXBuildFile; fileRef = 6BBE09081A52C81100FC15C6 /* icare_iphone_lightpoint.png */; };
		6BBE09111A539C1500FC15C6 /* CommonTool.m in Sources */ = {isa = PBXBuildFile; fileRef = 6BBE090E1A539C1500FC15C6 /* CommonTool.m */; };
		6BBE09121A539C1500FC15C6 /* CreateViewTool.m in Sources */ = {isa = PBXBuildFile; fileRef = 6BBE09101A539C1500FC15C6 /* CreateViewTool.m */; };
		6BBE09161A539C4B00FC15C6 /* BasicViewController.m in Sources */ = {isa = PBXBuildFile; fileRef = 6BBE09151A539C4B00FC15C6 /* BasicViewController.m */; };
		6BBE09351A539CF800FC15C6 /* MKAnnotationView+WebCache.m in Sources */ = {isa = PBXBuildFile; fileRef = 6BBE09191A539CF800FC15C6 /* MKAnnotationView+WebCache.m */; };
		6BBE09361A539CF800FC15C6 /* NSData+ImageContentType.m in Sources */ = {isa = PBXBuildFile; fileRef = 6BBE091B1A539CF800FC15C6 /* NSData+ImageContentType.m */; };
		6BBE09371A539CF800FC15C6 /* SDImageCache.m in Sources */ = {isa = PBXBuildFile; fileRef = 6BBE091D1A539CF800FC15C6 /* SDImageCache.m */; };
		6BBE09381A539CF800FC15C6 /* SDWebImageCompat.m in Sources */ = {isa = PBXBuildFile; fileRef = 6BBE091F1A539CF800FC15C6 /* SDWebImageCompat.m */; };
		6BBE09391A539CF800FC15C6 /* SDWebImageDecoder.m in Sources */ = {isa = PBXBuildFile; fileRef = 6BBE09211A539CF800FC15C6 /* SDWebImageDecoder.m */; };
		6BBE093A1A539CF800FC15C6 /* SDWebImageDownloader.m in Sources */ = {isa = PBXBuildFile; fileRef = 6BBE09231A539CF800FC15C6 /* SDWebImageDownloader.m */; };
		6BBE093B1A539CF800FC15C6 /* SDWebImageDownloaderOperation.m in Sources */ = {isa = PBXBuildFile; fileRef = 6BBE09251A539CF800FC15C6 /* SDWebImageDownloaderOperation.m */; };
		6BBE093C1A539CF800FC15C6 /* SDWebImageManager.m in Sources */ = {isa = PBXBuildFile; fileRef = 6BBE09271A539CF800FC15C6 /* SDWebImageManager.m */; };
		6BBE093D1A539CF800FC15C6 /* SDWebImagePrefetcher.m in Sources */ = {isa = PBXBuildFile; fileRef = 6BBE092A1A539CF800FC15C6 /* SDWebImagePrefetcher.m */; };
		6BBE093E1A539CF800FC15C6 /* UIButton+WebCache.m in Sources */ = {isa = PBXBuildFile; fileRef = 6BBE092C1A539CF800FC15C6 /* UIButton+WebCache.m */; };
		6BBE093F1A539CF800FC15C6 /* UIImage+GIF.m in Sources */ = {isa = PBXBuildFile; fileRef = 6BBE092E1A539CF800FC15C6 /* UIImage+GIF.m */; };
		6BBE09401A539CF800FC15C6 /* UIImage+MultiFormat.m in Sources */ = {isa = PBXBuildFile; fileRef = 6BBE09301A539CF800FC15C6 /* UIImage+MultiFormat.m */; };
		6BBE09411A539CF800FC15C6 /* UIImage+WebP.m in Sources */ = {isa = PBXBuildFile; fileRef = 6BBE09321A539CF800FC15C6 /* UIImage+WebP.m */; };
		6BBE09421A539CF800FC15C6 /* UIImageView+WebCache.m in Sources */ = {isa = PBXBuildFile; fileRef = 6BBE09341A539CF800FC15C6 /* UIImageView+WebCache.m */; };
		6BBE09471A53D4FC00FC15C6 /* LocationServiceViewController.m in Sources */ = {isa = PBXBuildFile; fileRef = 6BBE09461A53D4FC00FC15C6 /* LocationServiceViewController.m */; };
		6BCB57A31A512AEA00060B31 /* Foundation.framework in Frameworks */ = {isa = PBXBuildFile; fileRef = 6BCB57A21A512AEA00060B31 /* Foundation.framework */; };
		6BCB57A51A512AEA00060B31 /* CoreGraphics.framework in Frameworks */ = {isa = PBXBuildFile; fileRef = 6BCB57A41A512AEA00060B31 /* CoreGraphics.framework */; };
		6BCB57A71A512AEA00060B31 /* UIKit.framework in Frameworks */ = {isa = PBXBuildFile; fileRef = 6BCB57A61A512AEA00060B31 /* UIKit.framework */; };
		6BCB57AD1A512AEA00060B31 /* InfoPlist.strings in Resources */ = {isa = PBXBuildFile; fileRef = 6BCB57AB1A512AEA00060B31 /* InfoPlist.strings */; };
		6BCB57AF1A512AEA00060B31 /* main.m in Sources */ = {isa = PBXBuildFile; fileRef = 6BCB57AE1A512AEA00060B31 /* main.m */; };
		6BCB57B31A512AEA00060B31 /* LookForAppDelegate.mm in Sources */ = {isa = PBXBuildFile; fileRef = 6BCB57B21A512AEA00060B31 /* LookForAppDelegate.mm */; };
		6BCB57B91A512AEA00060B31 /* LookForViewController.m in Sources */ = {isa = PBXBuildFile; fileRef = 6BCB57B81A512AEA00060B31 /* LookForViewController.m */; };
		6BCB57BB1A512AEA00060B31 /* Images.xcassets in Resources */ = {isa = PBXBuildFile; fileRef = 6BCB57BA1A512AEA00060B31 /* Images.xcassets */; };
		6BCB57C21A512AEA00060B31 /* XCTest.framework in Frameworks */ = {isa = PBXBuildFile; fileRef = 6BCB57C11A512AEA00060B31 /* XCTest.framework */; };
		6BCB57C31A512AEA00060B31 /* Foundation.framework in Frameworks */ = {isa = PBXBuildFile; fileRef = 6BCB57A21A512AEA00060B31 /* Foundation.framework */; };
		6BCB57C41A512AEA00060B31 /* UIKit.framework in Frameworks */ = {isa = PBXBuildFile; fileRef = 6BCB57A61A512AEA00060B31 /* UIKit.framework */; };
		6BCB57CC1A512AEA00060B31 /* InfoPlist.strings in Resources */ = {isa = PBXBuildFile; fileRef = 6BCB57CA1A512AEA00060B31 /* InfoPlist.strings */; };
		6BCB57CE1A512AEA00060B31 /* LookForTests.m in Sources */ = {isa = PBXBuildFile; fileRef = 6BCB57CD1A512AEA00060B31 /* LookForTests.m */; };
/* End PBXBuildFile section */

/* Begin PBXContainerItemProxy section */
		6BCB57C51A512AEA00060B31 /* PBXContainerItemProxy */ = {
			isa = PBXContainerItemProxy;
			containerPortal = 6BCB57971A512AEA00060B31 /* Project object */;
			proxyType = 1;
			remoteGlobalIDString = 6BCB579E1A512AEA00060B31;
			remoteInfo = LookFor;
		};
/* End PBXContainerItemProxy section */

/* Begin PBXFileReference section */
		6B64CED91A5AADE200C2B98A /* AAShareBubbles.h */ = {isa = PBXFileReference; fileEncoding = 4; lastKnownFileType = sourcecode.c.h; path = AAShareBubbles.h; sourceTree = "<group>"; };
		6B64CEDA1A5AADE200C2B98A /* AAShareBubbles.m */ = {isa = PBXFileReference; fileEncoding = 4; lastKnownFileType = sourcecode.c.objc; path = AAShareBubbles.m; sourceTree = "<group>"; };
		6B64CEDB1A5AADE200C2B98A /* LookForAnnotationView.h */ = {isa = PBXFileReference; fileEncoding = 4; lastKnownFileType = sourcecode.c.h; path = LookForAnnotationView.h; sourceTree = "<group>"; };
		6B64CEDC1A5AADE200C2B98A /* LookForAnnotationView.m */ = {isa = PBXFileReference; fileEncoding = 4; lastKnownFileType = sourcecode.c.objc; path = LookForAnnotationView.m; sourceTree = "<group>"; };
		6B64CEFC1A5BD7E700C2B98A /* LookForRightSlideButtonView.h */ = {isa = PBXFileReference; fileEncoding = 4; lastKnownFileType = sourcecode.c.h; path = LookForRightSlideButtonView.h; sourceTree = "<group>"; };
		6B64CEFD1A5BD7E700C2B98A /* LookForRightSlideButtonView.m */ = {isa = PBXFileReference; fileEncoding = 4; lastKnownFileType = sourcecode.c.objc; path = LookForRightSlideButtonView.m; sourceTree = "<group>"; };
		6B64CF021A5BEAB100C2B98A /* poi_1.png */ = {isa = PBXFileReference; lastKnownFileType = image.png; path = poi_1.png; sourceTree = "<group>"; };
		6B64CF071A5C354200C2B98A /* LookForRouteSearchViewController.h */ = {isa = PBXFileReference; fileEncoding = 4; lastKnownFileType = sourcecode.c.h; path = LookForRouteSearchViewController.h; sourceTree = "<group>"; };
		6B64CF081A5C354200C2B98A /* LookForRouteSearchViewController.m */ = {isa = PBXFileReference; fileEncoding = 4; lastKnownFileType = sourcecode.c.objc; path = LookForRouteSearchViewController.m; sourceTree = "<group>"; };
		6BBE082D1A524EA800FC15C6 /* DBManager.h */ = {isa = PBXFileReference; fileEncoding = 4; lastKnownFileType = sourcecode.c.h; path = DBManager.h; sourceTree = "<group>"; };
		6BBE082E1A524EA800FC15C6 /* DBManager.m */ = {isa = PBXFileReference; fileEncoding = 4; lastKnownFileType = sourcecode.c.objc; path = DBManager.m; sourceTree = "<group>"; };
		6BBE08301A524EA800FC15C6 /* NSString+MD5Addition.h */ = {isa = PBXFileReference; fileEncoding = 4; lastKnownFileType = sourcecode.c.h; path = "NSString+MD5Addition.h"; sourceTree = "<group>"; };
		6BBE08311A524EA800FC15C6 /* NSString+MD5Addition.m */ = {isa = PBXFileReference; fileEncoding = 4; lastKnownFileType = sourcecode.c.objc; path = "NSString+MD5Addition.m"; sourceTree = "<group>"; };
		6BBE08321A524EA800FC15C6 /* UIDevice+IdentifierAddition.h */ = {isa = PBXFileReference; fileEncoding = 4; lastKnownFileType = sourcecode.c.h; path = "UIDevice+IdentifierAddition.h"; sourceTree = "<group>"; };
		6BBE08331A524EA800FC15C6 /* UIDevice+IdentifierAddition.m */ = {isa = PBXFileReference; fileEncoding = 4; lastKnownFileType = sourcecode.c.objc; path = "UIDevice+IdentifierAddition.m"; sourceTree = "<group>"; };
		6BBE08341A524EA800FC15C6 /* LookForConfig.h */ = {isa = PBXFileReference; fileEncoding = 4; lastKnownFileType = sourcecode.c.h; path = LookForConfig.h; sourceTree = "<group>"; };
		6BBE08351A524EA800FC15C6 /* LookForConfig.m */ = {isa = PBXFileReference; fileEncoding = 4; lastKnownFileType = sourcecode.c.objc; path = LookForConfig.m; sourceTree = "<group>"; };
		6BBE08361A524EA800FC15C6 /* LookForContentService.h */ = {isa = PBXFileReference; fileEncoding = 4; lastKnownFileType = sourcecode.c.h; path = LookForContentService.h; sourceTree = "<group>"; };
		6BBE08371A524EA800FC15C6 /* LookForContentService.m */ = {isa = PBXFileReference; fileEncoding = 4; lastKnownFileType = sourcecode.c.objc; path = LookForContentService.m; sourceTree = "<group>"; };
		6BBE08381A524EA800FC15C6 /* LooKForDataConvert.h */ = {isa = PBXFileReference; fileEncoding = 4; lastKnownFileType = sourcecode.c.h; path = LooKForDataConvert.h; sourceTree = "<group>"; };
		6BBE08391A524EA800FC15C6 /* LooKForDataConvert.m */ = {isa = PBXFileReference; fileEncoding = 4; lastKnownFileType = sourcecode.c.objc; path = LooKForDataConvert.m; sourceTree = "<group>"; };
		6BBE083A1A524EA800FC15C6 /* LookForResponse.h */ = {isa = PBXFileReference; fileEncoding = 4; lastKnownFileType = sourcecode.c.h; path = LookForResponse.h; sourceTree = "<group>"; };
		6BBE083B1A524EA800FC15C6 /* LookForResponse.m */ = {isa = PBXFileReference; fileEncoding = 4; lastKnownFileType = sourcecode.c.objc; path = LookForResponse.m; sourceTree = "<group>"; };
		6BBE083C1A524EA800FC15C6 /* LookForResponseCenter.h */ = {isa = PBXFileReference; fileEncoding = 4; lastKnownFileType = sourcecode.c.h; path = LookForResponseCenter.h; sourceTree = "<group>"; };
		6BBE083D1A524EA800FC15C6 /* LookForResponseCenter.m */ = {isa = PBXFileReference; fileEncoding = 4; lastKnownFileType = sourcecode.c.objc; path = LookForResponseCenter.m; sourceTree = "<group>"; };
		6BBE083E1A524EA800FC15C6 /* LookForUtil.h */ = {isa = PBXFileReference; fileEncoding = 4; lastKnownFileType = sourcecode.c.h; path = LookForUtil.h; sourceTree = "<group>"; };
		6BBE083F1A524EA800FC15C6 /* LookForUtil.m */ = {isa = PBXFileReference; fileEncoding = 4; lastKnownFileType = sourcecode.c.objc; path = LookForUtil.m; sourceTree = "<group>"; };
		6BBE08411A524EA800FC15C6 /* LookForContentModel.h */ = {isa = PBXFileReference; fileEncoding = 4; lastKnownFileType = sourcecode.c.h; path = LookForContentModel.h; sourceTree = "<group>"; };
		6BBE08421A524EA800FC15C6 /* LookForContentModel.m */ = {isa = PBXFileReference; fileEncoding = 4; lastKnownFileType = sourcecode.c.objc; path = LookForContentModel.m; sourceTree = "<group>"; };
		6BBE08431A524EA800FC15C6 /* LookForCoreDefs.h */ = {isa = PBXFileReference; fileEncoding = 4; lastKnownFileType = sourcecode.c.h; path = LookForCoreDefs.h; sourceTree = "<group>"; };
		6BBE08441A524EA800FC15C6 /* LookForIMP.h */ = {isa = PBXFileReference; fileEncoding = 4; lastKnownFileType = sourcecode.c.h; path = LookForIMP.h; sourceTree = "<group>"; };
		6BBE08451A524EA800FC15C6 /* LookForIMP.m */ = {isa = PBXFileReference; fileEncoding = 4; lastKnownFileType = sourcecode.c.objc; path = LookForIMP.m; sourceTree = "<group>"; };
		6BBE08471A524EA800FC15C6 /* LookForBaseService.h */ = {isa = PBXFileReference; fileEncoding = 4; lastKnownFileType = sourcecode.c.h; path = LookForBaseService.h; sourceTree = "<group>"; };
		6BBE08481A524EA800FC15C6 /* LookForBaseService.m */ = {isa = PBXFileReference; fileEncoding = 4; lastKnownFileType = sourcecode.c.objc; path = LookForBaseService.m; sourceTree = "<group>"; };
		6BBE08571A524EA800FC15C6 /* LookForServiceSchedular.h */ = {isa = PBXFileReference; fileEncoding = 4; lastKnownFileType = sourcecode.c.h; path = LookForServiceSchedular.h; sourceTree = "<group>"; };
		6BBE08581A524EA800FC15C6 /* LookForServiceSchedular.m */ = {isa = PBXFileReference; fileEncoding = 4; lastKnownFileType = sourcecode.c.objc; path = LookForServiceSchedular.m; sourceTree = "<group>"; };
		6BBE085B1A524EA800FC15C6 /* AFHTTPRequestOperation.h */ = {isa = PBXFileReference; fileEncoding = 4; lastKnownFileType = sourcecode.c.h; path = AFHTTPRequestOperation.h; sourceTree = "<group>"; };
		6BBE085C1A524EA800FC15C6 /* AFHTTPRequestOperation.m */ = {isa = PBXFileReference; fileEncoding = 4; lastKnownFileType = sourcecode.c.objc; path = AFHTTPRequestOperation.m; sourceTree = "<group>"; };
		6BBE085D1A524EA800FC15C6 /* AFHTTPRequestOperationManager.h */ = {isa = PBXFileReference; fileEncoding = 4; lastKnownFileType = sourcecode.c.h; path = AFHTTPRequestOperationManager.h; sourceTree = "<group>"; };
		6BBE085E1A524EA800FC15C6 /* AFHTTPRequestOperationManager.m */ = {isa = PBXFileReference; fileEncoding = 4; lastKnownFileType = sourcecode.c.objc; path = AFHTTPRequestOperationManager.m; sourceTree = "<group>"; };
		6BBE085F1A524EA800FC15C6 /* AFHTTPSessionManager.h */ = {isa = PBXFileReference; fileEncoding = 4; lastKnownFileType = sourcecode.c.h; path = AFHTTPSessionManager.h; sourceTree = "<group>"; };
		6BBE08601A524EA800FC15C6 /* AFHTTPSessionManager.m */ = {isa = PBXFileReference; fileEncoding = 4; lastKnownFileType = sourcecode.c.objc; path = AFHTTPSessionManager.m; sourceTree = "<group>"; };
		6BBE08611A524EA800FC15C6 /* AFNetworking.h */ = {isa = PBXFileReference; fileEncoding = 4; lastKnownFileType = sourcecode.c.h; path = AFNetworking.h; sourceTree = "<group>"; };
		6BBE08621A524EA800FC15C6 /* AFNetworkReachabilityManager.h */ = {isa = PBXFileReference; fileEncoding = 4; lastKnownFileType = sourcecode.c.h; path = AFNetworkReachabilityManager.h; sourceTree = "<group>"; };
		6BBE08631A524EA800FC15C6 /* AFNetworkReachabilityManager.m */ = {isa = PBXFileReference; fileEncoding = 4; lastKnownFileType = sourcecode.c.objc; path = AFNetworkReachabilityManager.m; sourceTree = "<group>"; };
		6BBE08641A524EA800FC15C6 /* AFSecurityPolicy.h */ = {isa = PBXFileReference; fileEncoding = 4; lastKnownFileType = sourcecode.c.h; path = AFSecurityPolicy.h; sourceTree = "<group>"; };
		6BBE08651A524EA800FC15C6 /* AFSecurityPolicy.m */ = {isa = PBXFileReference; fileEncoding = 4; lastKnownFileType = sourcecode.c.objc; path = AFSecurityPolicy.m; sourceTree = "<group>"; };
		6BBE08661A524EA800FC15C6 /* AFURLConnectionOperation.h */ = {isa = PBXFileReference; fileEncoding = 4; lastKnownFileType = sourcecode.c.h; path = AFURLConnectionOperation.h; sourceTree = "<group>"; };
		6BBE08671A524EA800FC15C6 /* AFURLConnectionOperation.m */ = {isa = PBXFileReference; fileEncoding = 4; lastKnownFileType = sourcecode.c.objc; path = AFURLConnectionOperation.m; sourceTree = "<group>"; };
		6BBE08681A524EA800FC15C6 /* AFURLRequestSerialization.h */ = {isa = PBXFileReference; fileEncoding = 4; lastKnownFileType = sourcecode.c.h; path = AFURLRequestSerialization.h; sourceTree = "<group>"; };
		6BBE08691A524EA800FC15C6 /* AFURLRequestSerialization.m */ = {isa = PBXFileReference; fileEncoding = 4; lastKnownFileType = sourcecode.c.objc; path = AFURLRequestSerialization.m; sourceTree = "<group>"; };
		6BBE086A1A524EA800FC15C6 /* AFURLResponseSerialization.h */ = {isa = PBXFileReference; fileEncoding = 4; lastKnownFileType = sourcecode.c.h; path = AFURLResponseSerialization.h; sourceTree = "<group>"; };
		6BBE086B1A524EA800FC15C6 /* AFURLResponseSerialization.m */ = {isa = PBXFileReference; fileEncoding = 4; lastKnownFileType = sourcecode.c.objc; path = AFURLResponseSerialization.m; sourceTree = "<group>"; };
		6BBE086C1A524EA800FC15C6 /* AFURLSessionManager.h */ = {isa = PBXFileReference; fileEncoding = 4; lastKnownFileType = sourcecode.c.h; path = AFURLSessionManager.h; sourceTree = "<group>"; };
		6BBE086D1A524EA800FC15C6 /* AFURLSessionManager.m */ = {isa = PBXFileReference; fileEncoding = 4; lastKnownFileType = sourcecode.c.objc; path = AFURLSessionManager.m; sourceTree = "<group>"; };
		6BBE086E1A524EA800FC15C6 /* NSString+MD5.h */ = {isa = PBXFileReference; fileEncoding = 4; lastKnownFileType = sourcecode.c.h; path = "NSString+MD5.h"; sourceTree = "<group>"; };
		6BBE086F1A524EA800FC15C6 /* NSString+MD5.m */ = {isa = PBXFileReference; fileEncoding = 4; lastKnownFileType = sourcecode.c.objc; path = "NSString+MD5.m"; sourceTree = "<group>"; };
		6BBE08701A524EA800FC15C6 /* UIImageView+AFNetworking.h */ = {isa = PBXFileReference; fileEncoding = 4; lastKnownFileType = sourcecode.c.h; path = "UIImageView+AFNetworking.h"; sourceTree = "<group>"; };
		6BBE08711A524EA800FC15C6 /* UIImageView+AFNetworking.m */ = {isa = PBXFileReference; fileEncoding = 4; lastKnownFileType = sourcecode.c.objc; path = "UIImageView+AFNetworking.m"; sourceTree = "<group>"; };
		6BBE08731A524EA800FC15C6 /* FMDatabase.h */ = {isa = PBXFileReference; fileEncoding = 4; lastKnownFileType = sourcecode.c.h; path = FMDatabase.h; sourceTree = "<group>"; };
		6BBE08741A524EA800FC15C6 /* FMDatabase.m */ = {isa = PBXFileReference; fileEncoding = 4; lastKnownFileType = sourcecode.c.objc; path = FMDatabase.m; sourceTree = "<group>"; };
		6BBE08751A524EA800FC15C6 /* FMDatabaseAdditions.h */ = {isa = PBXFileReference; fileEncoding = 4; lastKnownFileType = sourcecode.c.h; path = FMDatabaseAdditions.h; sourceTree = "<group>"; };
		6BBE08761A524EA800FC15C6 /* FMDatabaseAdditions.m */ = {isa = PBXFileReference; fileEncoding = 4; lastKnownFileType = sourcecode.c.objc; path = FMDatabaseAdditions.m; sourceTree = "<group>"; };
		6BBE08771A524EA800FC15C6 /* FMDatabasePool.h */ = {isa = PBXFileReference; fileEncoding = 4; lastKnownFileType = sourcecode.c.h; path = FMDatabasePool.h; sourceTree = "<group>"; };
		6BBE08781A524EA800FC15C6 /* FMDatabasePool.m */ = {isa = PBXFileReference; fileEncoding = 4; lastKnownFileType = sourcecode.c.objc; path = FMDatabasePool.m; sourceTree = "<group>"; };
		6BBE08791A524EA800FC15C6 /* FMDatabaseQueue.h */ = {isa = PBXFileReference; fileEncoding = 4; lastKnownFileType = sourcecode.c.h; path = FMDatabaseQueue.h; sourceTree = "<group>"; };
		6BBE087A1A524EA800FC15C6 /* FMDatabaseQueue.m */ = {isa = PBXFileReference; fileEncoding = 4; lastKnownFileType = sourcecode.c.objc; path = FMDatabaseQueue.m; sourceTree = "<group>"; };
		6BBE087B1A524EA800FC15C6 /* FMDB.h */ = {isa = PBXFileReference; fileEncoding = 4; lastKnownFileType = sourcecode.c.h; path = FMDB.h; sourceTree = "<group>"; };
		6BBE087C1A524EA800FC15C6 /* FMResultSet.h */ = {isa = PBXFileReference; fileEncoding = 4; lastKnownFileType = sourcecode.c.h; path = FMResultSet.h; sourceTree = "<group>"; };
		6BBE087D1A524EA800FC15C6 /* FMResultSet.m */ = {isa = PBXFileReference; fileEncoding = 4; lastKnownFileType = sourcecode.c.objc; path = FMResultSet.m; sourceTree = "<group>"; };
		6BBE08A21A52507E00FC15C6 /* LookForLoginService.h */ = {isa = PBXFileReference; fileEncoding = 4; lastKnownFileType = sourcecode.c.h; path = LookForLoginService.h; sourceTree = "<group>"; };
		6BBE08A31A52507E00FC15C6 /* LookForLoginService.m */ = {isa = PBXFileReference; fileEncoding = 4; lastKnownFileType = sourcecode.c.objc; path = LookForLoginService.m; sourceTree = "<group>"; };
		6BBE08A51A5251CE00FC15C6 /* CFNetwork.framework */ = {isa = PBXFileReference; lastKnownFileType = wrapper.framework; name = CFNetwork.framework; path = System/Library/Frameworks/CFNetwork.framework; sourceTree = SDKROOT; };
		6BBE08A61A5251CE00FC15C6 /* CoreImage.framework */ = {isa = PBXFileReference; lastKnownFileType = wrapper.framework; name = CoreImage.framework; path = System/Library/Frameworks/CoreImage.framework; sourceTree = SDKROOT; };
		6BBE08A71A5251CE00FC15C6 /* libsqlite3.0.dylib */ = {isa = PBXFileReference; lastKnownFileType = "compiled.mach-o.dylib"; name = libsqlite3.0.dylib; path = usr/lib/libsqlite3.0.dylib; sourceTree = SDKROOT; };
		6BBE08A81A5251CE00FC15C6 /* QuartzCore.framework */ = {isa = PBXFileReference; lastKnownFileType = wrapper.framework; name = QuartzCore.framework; path = System/Library/Frameworks/QuartzCore.framework; sourceTree = SDKROOT; };
		6BBE08AF1A525BD300FC15C6 /* CoreLocation.framework */ = {isa = PBXFileReference; lastKnownFileType = wrapper.framework; name = CoreLocation.framework; path = System/Library/Frameworks/CoreLocation.framework; sourceTree = SDKROOT; };
		6BBE08B71A527B6400FC15C6 /* BMapKit.h */ = {isa = PBXFileReference; fileEncoding = 4; lastKnownFileType = sourcecode.c.h; path = BMapKit.h; sourceTree = "<group>"; };
		6BBE08B81A527B6400FC15C6 /* BMKActionPaopaoView.h */ = {isa = PBXFileReference; fileEncoding = 4; lastKnownFileType = sourcecode.c.h; path = BMKActionPaopaoView.h; sourceTree = "<group>"; };
		6BBE08B91A527B6400FC15C6 /* BMKAnnotation.h */ = {isa = PBXFileReference; fileEncoding = 4; lastKnownFileType = sourcecode.c.h; path = BMKAnnotation.h; sourceTree = "<group>"; };
		6BBE08BA1A527B6400FC15C6 /* BMKAnnotationView.h */ = {isa = PBXFileReference; fileEncoding = 4; lastKnownFileType = sourcecode.c.h; path = BMKAnnotationView.h; sourceTree = "<group>"; };
		6BBE08BB1A527B6400FC15C6 /* BMKArcline.h */ = {isa = PBXFileReference; fileEncoding = 4; lastKnownFileType = sourcecode.c.h; path = BMKArcline.h; sourceTree = "<group>"; };
		6BBE08BC1A527B6400FC15C6 /* BMKArclineView.h */ = {isa = PBXFileReference; fileEncoding = 4; lastKnownFileType = sourcecode.c.h; path = BMKArclineView.h; sourceTree = "<group>"; };
		6BBE08BD1A527B6400FC15C6 /* BMKBaseComponent.h */ = {isa = PBXFileReference; fileEncoding = 4; lastKnownFileType = sourcecode.c.h; path = BMKBaseComponent.h; sourceTree = "<group>"; };
		6BBE08BE1A527B6400FC15C6 /* BMKBusLineSearch.h */ = {isa = PBXFileReference; fileEncoding = 4; lastKnownFileType = sourcecode.c.h; path = BMKBusLineSearch.h; sourceTree = "<group>"; };
		6BBE08BF1A527B6400FC15C6 /* BMKBusLineSearchOption.h */ = {isa = PBXFileReference; fileEncoding = 4; lastKnownFileType = sourcecode.c.h; path = BMKBusLineSearchOption.h; sourceTree = "<group>"; };
		6BBE08C01A527B6400FC15C6 /* BMKCircle.h */ = {isa = PBXFileReference; fileEncoding = 4; lastKnownFileType = sourcecode.c.h; path = BMKCircle.h; sourceTree = "<group>"; };
		6BBE08C11A527B6400FC15C6 /* BMKCircleView.h */ = {isa = PBXFileReference; fileEncoding = 4; lastKnownFileType = sourcecode.c.h; path = BMKCircleView.h; sourceTree = "<group>"; };
		6BBE08C21A527B6400FC15C6 /* BMKCloudPOIList.h */ = {isa = PBXFileReference; fileEncoding = 4; lastKnownFileType = sourcecode.c.h; path = BMKCloudPOIList.h; sourceTree = "<group>"; };
		6BBE08C31A527B6400FC15C6 /* BMKCloudSearch.h */ = {isa = PBXFileReference; fileEncoding = 4; lastKnownFileType = sourcecode.c.h; path = BMKCloudSearch.h; sourceTree = "<group>"; };
		6BBE08C41A527B6400FC15C6 /* BMKCloudSearchComponent.h */ = {isa = PBXFileReference; fileEncoding = 4; lastKnownFileType = sourcecode.c.h; path = BMKCloudSearchComponent.h; sourceTree = "<group>"; };
		6BBE08C51A527B6400FC15C6 /* BMKCloudSearchInfo.h */ = {isa = PBXFileReference; fileEncoding = 4; lastKnownFileType = sourcecode.c.h; path = BMKCloudSearchInfo.h; sourceTree = "<group>"; };
		6BBE08C61A527B6400FC15C6 /* BMKGeneralDelegate.h */ = {isa = PBXFileReference; fileEncoding = 4; lastKnownFileType = sourcecode.c.h; path = BMKGeneralDelegate.h; sourceTree = "<group>"; };
		6BBE08C71A527B6400FC15C6 /* BMKGeocodeSearch.h */ = {isa = PBXFileReference; fileEncoding = 4; lastKnownFileType = sourcecode.c.h; path = BMKGeocodeSearch.h; sourceTree = "<group>"; };
		6BBE08C81A527B6400FC15C6 /* BMKGeocodeSearchOption.h */ = {isa = PBXFileReference; fileEncoding = 4; lastKnownFileType = sourcecode.c.h; path = BMKGeocodeSearchOption.h; sourceTree = "<group>"; };
		6BBE08C91A527B6400FC15C6 /* BMKGeocodeType.h */ = {isa = PBXFileReference; fileEncoding = 4; lastKnownFileType = sourcecode.c.h; path = BMKGeocodeType.h; sourceTree = "<group>"; };
		6BBE08CA1A527B6400FC15C6 /* BMKGeometry.h */ = {isa = PBXFileReference; fileEncoding = 4; lastKnownFileType = sourcecode.c.h; path = BMKGeometry.h; sourceTree = "<group>"; };
		6BBE08CB1A527B6400FC15C6 /* BMKGradient.h */ = {isa = PBXFileReference; fileEncoding = 4; lastKnownFileType = sourcecode.c.h; path = BMKGradient.h; sourceTree = "<group>"; };
		6BBE08CC1A527B6400FC15C6 /* BMKGroundOverlay.h */ = {isa = PBXFileReference; fileEncoding = 4; lastKnownFileType = sourcecode.c.h; path = BMKGroundOverlay.h; sourceTree = "<group>"; };
		6BBE08CD1A527B6400FC15C6 /* BMKGroundOverlayView.h */ = {isa = PBXFileReference; fileEncoding = 4; lastKnownFileType = sourcecode.c.h; path = BMKGroundOverlayView.h; sourceTree = "<group>"; };
		6BBE08CE1A527B6400FC15C6 /* BMKHeatMap.h */ = {isa = PBXFileReference; fileEncoding = 4; lastKnownFileType = sourcecode.c.h; path = BMKHeatMap.h; sourceTree = "<group>"; };
		6BBE08CF1A527B6400FC15C6 /* BMKLocationComponent.h */ = {isa = PBXFileReference; fileEncoding = 4; lastKnownFileType = sourcecode.c.h; path = BMKLocationComponent.h; sourceTree = "<group>"; };
		6BBE08D01A527B6400FC15C6 /* BMKLocationService.h */ = {isa = PBXFileReference; fileEncoding = 4; lastKnownFileType = sourcecode.c.h; path = BMKLocationService.h; sourceTree = "<group>"; };
		6BBE08D11A527B6400FC15C6 /* BMKLocationViewDisplayParam.h */ = {isa = PBXFileReference; fileEncoding = 4; lastKnownFileType = sourcecode.c.h; path = BMKLocationViewDisplayParam.h; sourceTree = "<group>"; };
		6BBE08D21A527B6400FC15C6 /* BMKMapComponent.h */ = {isa = PBXFileReference; fileEncoding = 4; lastKnownFileType = sourcecode.c.h; path = BMKMapComponent.h; sourceTree = "<group>"; };
		6BBE08D31A527B6400FC15C6 /* BMKMapManager.h */ = {isa = PBXFileReference; fileEncoding = 4; lastKnownFileType = sourcecode.c.h; path = BMKMapManager.h; sourceTree = "<group>"; };
		6BBE08D41A527B6400FC15C6 /* BMKMapStatus.h */ = {isa = PBXFileReference; fileEncoding = 4; lastKnownFileType = sourcecode.c.h; path = BMKMapStatus.h; sourceTree = "<group>"; };
		6BBE08D51A527B6400FC15C6 /* BMKMapView.h */ = {isa = PBXFileReference; fileEncoding = 4; lastKnownFileType = sourcecode.c.h; path = BMKMapView.h; sourceTree = "<group>"; };
		6BBE08D61A527B6400FC15C6 /* BMKMultiPoint.h */ = {isa = PBXFileReference; fileEncoding = 4; lastKnownFileType = sourcecode.c.h; path = BMKMultiPoint.h; sourceTree = "<group>"; };
		6BBE08D71A527B6400FC15C6 /* BMKNavigation.h */ = {isa = PBXFileReference; fileEncoding = 4; lastKnownFileType = sourcecode.c.h; path = BMKNavigation.h; sourceTree = "<group>"; };
		6BBE08D81A527B6400FC15C6 /* BMKOfflineMap.h */ = {isa = PBXFileReference; fileEncoding = 4; lastKnownFileType = sourcecode.c.h; path = BMKOfflineMap.h; sourceTree = "<group>"; };
		6BBE08D91A527B6400FC15C6 /* BMKOfflineMapType.h */ = {isa = PBXFileReference; fileEncoding = 4; lastKnownFileType = sourcecode.c.h; path = BMKOfflineMapType.h; sourceTree = "<group>"; };
		6BBE08DA1A527B6400FC15C6 /* BMKOverlay.h */ = {isa = PBXFileReference; fileEncoding = 4; lastKnownFileType = sourcecode.c.h; path = BMKOverlay.h; sourceTree = "<group>"; };
		6BBE08DB1A527B6400FC15C6 /* BMKOverlayGLBasicView.h */ = {isa = PBXFileReference; fileEncoding = 4; lastKnownFileType = sourcecode.c.h; path = BMKOverlayGLBasicView.h; sourceTree = "<group>"; };
		6BBE08DC1A527B6400FC15C6 /* BMKOverlayPathView.h */ = {isa = PBXFileReference; fileEncoding = 4; lastKnownFileType = sourcecode.c.h; path = BMKOverlayPathView.h; sourceTree = "<group>"; };
		6BBE08DD1A527B6400FC15C6 /* BMKOverlayView.h */ = {isa = PBXFileReference; fileEncoding = 4; lastKnownFileType = sourcecode.c.h; path = BMKOverlayView.h; sourceTree = "<group>"; };
		6BBE08DE1A527B6400FC15C6 /* BMKPinAnnotationView.h */ = {isa = PBXFileReference; fileEncoding = 4; lastKnownFileType = sourcecode.c.h; path = BMKPinAnnotationView.h; sourceTree = "<group>"; };
		6BBE08DF1A527B6400FC15C6 /* BMKPointAnnotation.h */ = {isa = PBXFileReference; fileEncoding = 4; lastKnownFileType = sourcecode.c.h; path = BMKPointAnnotation.h; sourceTree = "<group>"; };
		6BBE08E01A527B6400FC15C6 /* BMKPoiSearch.h */ = {isa = PBXFileReference; fileEncoding = 4; lastKnownFileType = sourcecode.c.h; path = BMKPoiSearch.h; sourceTree = "<group>"; };
		6BBE08E11A527B6400FC15C6 /* BMKPoiSearchOption.h */ = {isa = PBXFileReference; fileEncoding = 4; lastKnownFileType = sourcecode.c.h; path = BMKPoiSearchOption.h; sourceTree = "<group>"; };
		6BBE08E21A527B6400FC15C6 /* BMKPoiSearchType.h */ = {isa = PBXFileReference; fileEncoding = 4; lastKnownFileType = sourcecode.c.h; path = BMKPoiSearchType.h; sourceTree = "<group>"; };
		6BBE08E31A527B6400FC15C6 /* BMKPolygon.h */ = {isa = PBXFileReference; fileEncoding = 4; lastKnownFileType = sourcecode.c.h; path = BMKPolygon.h; sourceTree = "<group>"; };
		6BBE08E41A527B6400FC15C6 /* BMKPolygonView.h */ = {isa = PBXFileReference; fileEncoding = 4; lastKnownFileType = sourcecode.c.h; path = BMKPolygonView.h; sourceTree = "<group>"; };
		6BBE08E51A527B6400FC15C6 /* BMKPolyline.h */ = {isa = PBXFileReference; fileEncoding = 4; lastKnownFileType = sourcecode.c.h; path = BMKPolyline.h; sourceTree = "<group>"; };
		6BBE08E61A527B6400FC15C6 /* BMKPolylineView.h */ = {isa = PBXFileReference; fileEncoding = 4; lastKnownFileType = sourcecode.c.h; path = BMKPolylineView.h; sourceTree = "<group>"; };
		6BBE08E71A527B6400FC15C6 /* BMKRouteSearch.h */ = {isa = PBXFileReference; fileEncoding = 4; lastKnownFileType = sourcecode.c.h; path = BMKRouteSearch.h; sourceTree = "<group>"; };
		6BBE08E81A527B6400FC15C6 /* BMKRouteSearchOption.h */ = {isa = PBXFileReference; fileEncoding = 4; lastKnownFileType = sourcecode.c.h; path = BMKRouteSearchOption.h; sourceTree = "<group>"; };
		6BBE08E91A527B6400FC15C6 /* BMKRouteSearchType.h */ = {isa = PBXFileReference; fileEncoding = 4; lastKnownFileType = sourcecode.c.h; path = BMKRouteSearchType.h; sourceTree = "<group>"; };
		6BBE08EA1A527B6400FC15C6 /* BMKSearchComponent.h */ = {isa = PBXFileReference; fileEncoding = 4; lastKnownFileType = sourcecode.c.h; path = BMKSearchComponent.h; sourceTree = "<group>"; };
		6BBE08EB1A527B6400FC15C6 /* BMKShape.h */ = {isa = PBXFileReference; fileEncoding = 4; lastKnownFileType = sourcecode.c.h; path = BMKShape.h; sourceTree = "<group>"; };
		6BBE08EC1A527B6400FC15C6 /* BMKShareURLSearch.h */ = {isa = PBXFileReference; fileEncoding = 4; lastKnownFileType = sourcecode.c.h; path = BMKShareURLSearch.h; sourceTree = "<group>"; };
		6BBE08ED1A527B6400FC15C6 /* BMKShareUrlSearchOption.h */ = {isa = PBXFileReference; fileEncoding = 4; lastKnownFileType = sourcecode.c.h; path = BMKShareUrlSearchOption.h; sourceTree = "<group>"; };
		6BBE08EE1A527B6400FC15C6 /* BMKSuggestionSearch.h */ = {isa = PBXFileReference; fileEncoding = 4; lastKnownFileType = sourcecode.c.h; path = BMKSuggestionSearch.h; sourceTree = "<group>"; };
		6BBE08EF1A527B6400FC15C6 /* BMKSuggestionSearchOption.h */ = {isa = PBXFileReference; fileEncoding = 4; lastKnownFileType = sourcecode.c.h; path = BMKSuggestionSearchOption.h; sourceTree = "<group>"; };
		6BBE08F01A527B6400FC15C6 /* BMKTypes.h */ = {isa = PBXFileReference; fileEncoding = 4; lastKnownFileType = sourcecode.c.h; path = BMKTypes.h; sourceTree = "<group>"; };
		6BBE08F11A527B6400FC15C6 /* BMKUserLocation.h */ = {isa = PBXFileReference; fileEncoding = 4; lastKnownFileType = sourcecode.c.h; path = BMKUserLocation.h; sourceTree = "<group>"; };
		6BBE08F21A527B6400FC15C6 /* BMKUtilsComponent.h */ = {isa = PBXFileReference; fileEncoding = 4; lastKnownFileType = sourcecode.c.h; path = BMKUtilsComponent.h; sourceTree = "<group>"; };
		6BBE08F31A527B6400FC15C6 /* BMKVersion.h */ = {isa = PBXFileReference; fileEncoding = 4; lastKnownFileType = sourcecode.c.h; path = BMKVersion.h; sourceTree = "<group>"; };
		6BBE08F41A527B6400FC15C6 /* libbaidumapapi.a */ = {isa = PBXFileReference; lastKnownFileType = archive.ar; path = libbaidumapapi.a; sourceTree = "<group>"; };
		6BBE08F51A527B6400FC15C6 /* mapapi.bundle */ = {isa = PBXFileReference; lastKnownFileType = "wrapper.plug-in"; path = mapapi.bundle; sourceTree = "<group>"; };
		6BBE08F81A527C2100FC15C6 /* MessageUI.framework */ = {isa = PBXFileReference; lastKnownFileType = wrapper.framework; name = MessageUI.framework; path = System/Library/Frameworks/MessageUI.framework; sourceTree = SDKROOT; };
		6BBE08F91A527C2100FC15C6 /* OpenGLES.framework */ = {isa = PBXFileReference; lastKnownFileType = wrapper.framework; name = OpenGLES.framework; path = System/Library/Frameworks/OpenGLES.framework; sourceTree = SDKROOT; };
		6BBE08FA1A527C2100FC15C6 /* Security.framework */ = {isa = PBXFileReference; lastKnownFileType = wrapper.framework; name = Security.framework; path = System/Library/Frameworks/Security.framework; sourceTree = SDKROOT; };
		6BBE08FB1A527C2100FC15C6 /* SystemConfiguration.framework */ = {isa = PBXFileReference; lastKnownFileType = wrapper.framework; name = SystemConfiguration.framework; path = System/Library/Frameworks/SystemConfiguration.framework; sourceTree = SDKROOT; };
		6BBE09051A52C81100FC15C6 /* Default-568h@2x.png */ = {isa = PBXFileReference; lastKnownFileType = image.png; path = "Default-568h@2x.png"; sourceTree = "<group>"; };
		6BBE09061A52C81100FC15C6 /* Default.png */ = {isa = PBXFileReference; lastKnownFileType = image.png; path = Default.png; sourceTree = "<group>"; };
		6BBE09071A52C81100FC15C6 /* icare_iphone_lightline.png */ = {isa = PBXFileReference; lastKnownFileType = image.png; path = icare_iphone_lightline.png; sourceTree = "<group>"; };
		6BBE09081A52C81100FC15C6 /* icare_iphone_lightpoint.png */ = {isa = PBXFileReference; lastKnownFileType = image.png; path = icare_iphone_lightpoint.png; sourceTree = "<group>"; };
		6BBE090D1A539C1500FC15C6 /* CommonTool.h */ = {isa = PBXFileReference; fileEncoding = 4; lastKnownFileType = sourcecode.c.h; path = CommonTool.h; sourceTree = "<group>"; };
		6BBE090E1A539C1500FC15C6 /* CommonTool.m */ = {isa = PBXFileReference; fileEncoding = 4; lastKnownFileType = sourcecode.c.objc; path = CommonTool.m; sourceTree = "<group>"; };
		6BBE090F1A539C1500FC15C6 /* CreateViewTool.h */ = {isa = PBXFileReference; fileEncoding = 4; lastKnownFileType = sourcecode.c.h; path = CreateViewTool.h; sourceTree = "<group>"; };
		6BBE09101A539C1500FC15C6 /* CreateViewTool.m */ = {isa = PBXFileReference; fileEncoding = 4; lastKnownFileType = sourcecode.c.objc; path = CreateViewTool.m; sourceTree = "<group>"; };
		6BBE09141A539C4B00FC15C6 /* BasicViewController.h */ = {isa = PBXFileReference; fileEncoding = 4; lastKnownFileType = sourcecode.c.h; path = BasicViewController.h; sourceTree = "<group>"; };
		6BBE09151A539C4B00FC15C6 /* BasicViewController.m */ = {isa = PBXFileReference; fileEncoding = 4; lastKnownFileType = sourcecode.c.objc; path = BasicViewController.m; sourceTree = "<group>"; };
		6BBE09181A539CF800FC15C6 /* MKAnnotationView+WebCache.h */ = {isa = PBXFileReference; fileEncoding = 4; lastKnownFileType = sourcecode.c.h; path = "MKAnnotationView+WebCache.h"; sourceTree = "<group>"; };
		6BBE09191A539CF800FC15C6 /* MKAnnotationView+WebCache.m */ = {isa = PBXFileReference; fileEncoding = 4; lastKnownFileType = sourcecode.c.objc; path = "MKAnnotationView+WebCache.m"; sourceTree = "<group>"; };
		6BBE091A1A539CF800FC15C6 /* NSData+ImageContentType.h */ = {isa = PBXFileReference; fileEncoding = 4; lastKnownFileType = sourcecode.c.h; path = "NSData+ImageContentType.h"; sourceTree = "<group>"; };
		6BBE091B1A539CF800FC15C6 /* NSData+ImageContentType.m */ = {isa = PBXFileReference; fileEncoding = 4; lastKnownFileType = sourcecode.c.objc; path = "NSData+ImageContentType.m"; sourceTree = "<group>"; };
		6BBE091C1A539CF800FC15C6 /* SDImageCache.h */ = {isa = PBXFileReference; fileEncoding = 4; lastKnownFileType = sourcecode.c.h; path = SDImageCache.h; sourceTree = "<group>"; };
		6BBE091D1A539CF800FC15C6 /* SDImageCache.m */ = {isa = PBXFileReference; fileEncoding = 4; lastKnownFileType = sourcecode.c.objc; path = SDImageCache.m; sourceTree = "<group>"; };
		6BBE091E1A539CF800FC15C6 /* SDWebImageCompat.h */ = {isa = PBXFileReference; fileEncoding = 4; lastKnownFileType = sourcecode.c.h; path = SDWebImageCompat.h; sourceTree = "<group>"; };
		6BBE091F1A539CF800FC15C6 /* SDWebImageCompat.m */ = {isa = PBXFileReference; fileEncoding = 4; lastKnownFileType = sourcecode.c.objc; path = SDWebImageCompat.m; sourceTree = "<group>"; };
		6BBE09201A539CF800FC15C6 /* SDWebImageDecoder.h */ = {isa = PBXFileReference; fileEncoding = 4; lastKnownFileType = sourcecode.c.h; path = SDWebImageDecoder.h; sourceTree = "<group>"; };
		6BBE09211A539CF800FC15C6 /* SDWebImageDecoder.m */ = {isa = PBXFileReference; fileEncoding = 4; lastKnownFileType = sourcecode.c.objc; path = SDWebImageDecoder.m; sourceTree = "<group>"; };
		6BBE09221A539CF800FC15C6 /* SDWebImageDownloader.h */ = {isa = PBXFileReference; fileEncoding = 4; lastKnownFileType = sourcecode.c.h; path = SDWebImageDownloader.h; sourceTree = "<group>"; };
		6BBE09231A539CF800FC15C6 /* SDWebImageDownloader.m */ = {isa = PBXFileReference; fileEncoding = 4; lastKnownFileType = sourcecode.c.objc; path = SDWebImageDownloader.m; sourceTree = "<group>"; };
		6BBE09241A539CF800FC15C6 /* SDWebImageDownloaderOperation.h */ = {isa = PBXFileReference; fileEncoding = 4; lastKnownFileType = sourcecode.c.h; path = SDWebImageDownloaderOperation.h; sourceTree = "<group>"; };
		6BBE09251A539CF800FC15C6 /* SDWebImageDownloaderOperation.m */ = {isa = PBXFileReference; fileEncoding = 4; lastKnownFileType = sourcecode.c.objc; path = SDWebImageDownloaderOperation.m; sourceTree = "<group>"; };
		6BBE09261A539CF800FC15C6 /* SDWebImageManager.h */ = {isa = PBXFileReference; fileEncoding = 4; lastKnownFileType = sourcecode.c.h; path = SDWebImageManager.h; sourceTree = "<group>"; };
		6BBE09271A539CF800FC15C6 /* SDWebImageManager.m */ = {isa = PBXFileReference; fileEncoding = 4; lastKnownFileType = sourcecode.c.objc; path = SDWebImageManager.m; sourceTree = "<group>"; };
		6BBE09281A539CF800FC15C6 /* SDWebImageOperation.h */ = {isa = PBXFileReference; fileEncoding = 4; lastKnownFileType = sourcecode.c.h; path = SDWebImageOperation.h; sourceTree = "<group>"; };
		6BBE09291A539CF800FC15C6 /* SDWebImagePrefetcher.h */ = {isa = PBXFileReference; fileEncoding = 4; lastKnownFileType = sourcecode.c.h; path = SDWebImagePrefetcher.h; sourceTree = "<group>"; };
		6BBE092A1A539CF800FC15C6 /* SDWebImagePrefetcher.m */ = {isa = PBXFileReference; fileEncoding = 4; lastKnownFileType = sourcecode.c.objc; path = SDWebImagePrefetcher.m; sourceTree = "<group>"; };
		6BBE092B1A539CF800FC15C6 /* UIButton+WebCache.h */ = {isa = PBXFileReference; fileEncoding = 4; lastKnownFileType = sourcecode.c.h; path = "UIButton+WebCache.h"; sourceTree = "<group>"; };
		6BBE092C1A539CF800FC15C6 /* UIButton+WebCache.m */ = {isa = PBXFileReference; fileEncoding = 4; lastKnownFileType = sourcecode.c.objc; path = "UIButton+WebCache.m"; sourceTree = "<group>"; };
		6BBE092D1A539CF800FC15C6 /* UIImage+GIF.h */ = {isa = PBXFileReference; fileEncoding = 4; lastKnownFileType = sourcecode.c.h; path = "UIImage+GIF.h"; sourceTree = "<group>"; };
		6BBE092E1A539CF800FC15C6 /* UIImage+GIF.m */ = {isa = PBXFileReference; fileEncoding = 4; lastKnownFileType = sourcecode.c.objc; path = "UIImage+GIF.m"; sourceTree = "<group>"; };
		6BBE092F1A539CF800FC15C6 /* UIImage+MultiFormat.h */ = {isa = PBXFileReference; fileEncoding = 4; lastKnownFileType = sourcecode.c.h; path = "UIImage+MultiFormat.h"; sourceTree = "<group>"; };
		6BBE09301A539CF800FC15C6 /* UIImage+MultiFormat.m */ = {isa = PBXFileReference; fileEncoding = 4; lastKnownFileType = sourcecode.c.objc; path = "UIImage+MultiFormat.m"; sourceTree = "<group>"; };
		6BBE09311A539CF800FC15C6 /* UIImage+WebP.h */ = {isa = PBXFileReference; fileEncoding = 4; lastKnownFileType = sourcecode.c.h; path = "UIImage+WebP.h"; sourceTree = "<group>"; };
		6BBE09321A539CF800FC15C6 /* UIImage+WebP.m */ = {isa = PBXFileReference; fileEncoding = 4; lastKnownFileType = sourcecode.c.objc; path = "UIImage+WebP.m"; sourceTree = "<group>"; };
		6BBE09331A539CF800FC15C6 /* UIImageView+WebCache.h */ = {isa = PBXFileReference; fileEncoding = 4; lastKnownFileType = sourcecode.c.h; path = "UIImageView+WebCache.h"; sourceTree = "<group>"; };
		6BBE09341A539CF800FC15C6 /* UIImageView+WebCache.m */ = {isa = PBXFileReference; fileEncoding = 4; lastKnownFileType = sourcecode.c.objc; path = "UIImageView+WebCache.m"; sourceTree = "<group>"; };
		6BBE09451A53D4FC00FC15C6 /* LocationServiceViewController.h */ = {isa = PBXFileReference; fileEncoding = 4; lastKnownFileType = sourcecode.c.h; path = LocationServiceViewController.h; sourceTree = "<group>"; };
		6BBE09461A53D4FC00FC15C6 /* LocationServiceViewController.m */ = {isa = PBXFileReference; fileEncoding = 4; lastKnownFileType = sourcecode.c.objc; path = LocationServiceViewController.m; sourceTree = "<group>"; };
		6BCB579F1A512AEA00060B31 /* LookFor.app */ = {isa = PBXFileReference; explicitFileType = wrapper.application; includeInIndex = 0; path = LookFor.app; sourceTree = BUILT_PRODUCTS_DIR; };
		6BCB57A21A512AEA00060B31 /* Foundation.framework */ = {isa = PBXFileReference; lastKnownFileType = wrapper.framework; name = Foundation.framework; path = System/Library/Frameworks/Foundation.framework; sourceTree = SDKROOT; };
		6BCB57A41A512AEA00060B31 /* CoreGraphics.framework */ = {isa = PBXFileReference; lastKnownFileType = wrapper.framework; name = CoreGraphics.framework; path = System/Library/Frameworks/CoreGraphics.framework; sourceTree = SDKROOT; };
		6BCB57A61A512AEA00060B31 /* UIKit.framework */ = {isa = PBXFileReference; lastKnownFileType = wrapper.framework; name = UIKit.framework; path = System/Library/Frameworks/UIKit.framework; sourceTree = SDKROOT; };
		6BCB57AA1A512AEA00060B31 /* LookFor-Info.plist */ = {isa = PBXFileReference; lastKnownFileType = text.plist.xml; path = "LookFor-Info.plist"; sourceTree = "<group>"; };
		6BCB57AC1A512AEA00060B31 /* en */ = {isa = PBXFileReference; lastKnownFileType = text.plist.strings; name = en; path = en.lproj/InfoPlist.strings; sourceTree = "<group>"; };
		6BCB57AE1A512AEA00060B31 /* main.m */ = {isa = PBXFileReference; lastKnownFileType = sourcecode.c.objc; path = main.m; sourceTree = "<group>"; };
		6BCB57B01A512AEA00060B31 /* LookFor-Prefix.pch */ = {isa = PBXFileReference; lastKnownFileType = sourcecode.c.h; path = "LookFor-Prefix.pch"; sourceTree = "<group>"; };
		6BCB57B11A512AEA00060B31 /* LookForAppDelegate.h */ = {isa = PBXFileReference; lastKnownFileType = sourcecode.c.h; path = LookForAppDelegate.h; sourceTree = "<group>"; };
		6BCB57B21A512AEA00060B31 /* LookForAppDelegate.mm */ = {isa = PBXFileReference; lastKnownFileType = sourcecode.cpp.objcpp; path = LookForAppDelegate.mm; sourceTree = "<group>"; };
		6BCB57B71A512AEA00060B31 /* LookForViewController.h */ = {isa = PBXFileReference; lastKnownFileType = sourcecode.c.h; path = LookForViewController.h; sourceTree = "<group>"; };
		6BCB57B81A512AEA00060B31 /* LookForViewController.m */ = {isa = PBXFileReference; lastKnownFileType = sourcecode.c.objc; path = LookForViewController.m; sourceTree = "<group>"; };
		6BCB57BA1A512AEA00060B31 /* Images.xcassets */ = {isa = PBXFileReference; lastKnownFileType = folder.assetcatalog; path = Images.xcassets; sourceTree = "<group>"; };
		6BCB57C01A512AEA00060B31 /* LookForTests.xctest */ = {isa = PBXFileReference; explicitFileType = wrapper.cfbundle; includeInIndex = 0; path = LookForTests.xctest; sourceTree = BUILT_PRODUCTS_DIR; };
		6BCB57C11A512AEA00060B31 /* XCTest.framework */ = {isa = PBXFileReference; lastKnownFileType = wrapper.framework; name = XCTest.framework; path = Library/Frameworks/XCTest.framework; sourceTree = DEVELOPER_DIR; };
		6BCB57C91A512AEA00060B31 /* LookForTests-Info.plist */ = {isa = PBXFileReference; lastKnownFileType = text.plist.xml; path = "LookForTests-Info.plist"; sourceTree = "<group>"; };
		6BCB57CB1A512AEA00060B31 /* en */ = {isa = PBXFileReference; lastKnownFileType = text.plist.strings; name = en; path = en.lproj/InfoPlist.strings; sourceTree = "<group>"; };
		6BCB57CD1A512AEA00060B31 /* LookForTests.m */ = {isa = PBXFileReference; lastKnownFileType = sourcecode.c.objc; path = LookForTests.m; sourceTree = "<group>"; };
/* End PBXFileReference section */

/* Begin PBXFrameworksBuildPhase section */
		6BCB579C1A512AEA00060B31 /* Frameworks */ = {
			isa = PBXFrameworksBuildPhase;
			buildActionMask = 2147483647;
			files = (
				6BBE08FC1A527C2100FC15C6 /* MessageUI.framework in Frameworks */,
				6BBE08FD1A527C2100FC15C6 /* OpenGLES.framework in Frameworks */,
				6BBE08FE1A527C2100FC15C6 /* Security.framework in Frameworks */,
				6BBE08FF1A527C2100FC15C6 /* SystemConfiguration.framework in Frameworks */,
				6BBE08AC1A5251CE00FC15C6 /* QuartzCore.framework in Frameworks */,
				6BBE08B11A525BD300FC15C6 /* CoreLocation.framework in Frameworks */,
				6BBE08F61A527B6400FC15C6 /* libbaidumapapi.a in Frameworks */,
				6BBE08A91A5251CE00FC15C6 /* CFNetwork.framework in Frameworks */,
				6BBE08AA1A5251CE00FC15C6 /* CoreImage.framework in Frameworks */,
				6BBE08AB1A5251CE00FC15C6 /* libsqlite3.0.dylib in Frameworks */,
				6BCB57A51A512AEA00060B31 /* CoreGraphics.framework in Frameworks */,
				6BCB57A71A512AEA00060B31 /* UIKit.framework in Frameworks */,
				6BCB57A31A512AEA00060B31 /* Foundation.framework in Frameworks */,
			);
			runOnlyForDeploymentPostprocessing = 0;
		};
		6BCB57BD1A512AEA00060B31 /* Frameworks */ = {
			isa = PBXFrameworksBuildPhase;
			buildActionMask = 2147483647;
			files = (
				6BCB57C21A512AEA00060B31 /* XCTest.framework in Frameworks */,
				6BCB57C41A512AEA00060B31 /* UIKit.framework in Frameworks */,
				6BCB57C31A512AEA00060B31 /* Foundation.framework in Frameworks */,
			);
			runOnlyForDeploymentPostprocessing = 0;
		};
/* End PBXFrameworksBuildPhase section */

/* Begin PBXGroup section */
		6B64CED81A5AADE200C2B98A /* AnnotationView */ = {
			isa = PBXGroup;
			children = (
				6B64CED91A5AADE200C2B98A /* AAShareBubbles.h */,
				6B64CEDA1A5AADE200C2B98A /* AAShareBubbles.m */,
				6B64CEDB1A5AADE200C2B98A /* LookForAnnotationView.h */,
				6B64CEDC1A5AADE200C2B98A /* LookForAnnotationView.m */,
			);
			path = AnnotationView;
			sourceTree = "<group>";
		};
		6BBE082B1A524EA800FC15C6 /* LookForLib */ = {
			isa = PBXGroup;
			children = (
				6BBE082C1A524EA800FC15C6 /* core */,
				6BBE08401A524EA800FC15C6 /* data */,
				6BBE08431A524EA800FC15C6 /* LookForCoreDefs.h */,
				6BBE08441A524EA800FC15C6 /* LookForIMP.h */,
				6BBE08451A524EA800FC15C6 /* LookForIMP.m */,
				6BBE08461A524EA800FC15C6 /* service */,
				6BBE08591A524EA800FC15C6 /* Utilty */,
			);
			path = LookForLib;
			sourceTree = "<group>";
		};
		6BBE082C1A524EA800FC15C6 /* core */ = {
			isa = PBXGroup;
			children = (
				6BBE082D1A524EA800FC15C6 /* DBManager.h */,
				6BBE082E1A524EA800FC15C6 /* DBManager.m */,
				6BBE082F1A524EA800FC15C6 /* libcore */,
				6BBE08341A524EA800FC15C6 /* LookForConfig.h */,
				6BBE08351A524EA800FC15C6 /* LookForConfig.m */,
				6BBE08361A524EA800FC15C6 /* LookForContentService.h */,
				6BBE08371A524EA800FC15C6 /* LookForContentService.m */,
				6BBE08381A524EA800FC15C6 /* LooKForDataConvert.h */,
				6BBE08391A524EA800FC15C6 /* LooKForDataConvert.m */,
				6BBE083A1A524EA800FC15C6 /* LookForResponse.h */,
				6BBE083B1A524EA800FC15C6 /* LookForResponse.m */,
				6BBE083C1A524EA800FC15C6 /* LookForResponseCenter.h */,
				6BBE083D1A524EA800FC15C6 /* LookForResponseCenter.m */,
				6BBE083E1A524EA800FC15C6 /* LookForUtil.h */,
				6BBE083F1A524EA800FC15C6 /* LookForUtil.m */,
			);
			path = core;
			sourceTree = "<group>";
		};
		6BBE082F1A524EA800FC15C6 /* libcore */ = {
			isa = PBXGroup;
			children = (
				6BBE08301A524EA800FC15C6 /* NSString+MD5Addition.h */,
				6BBE08311A524EA800FC15C6 /* NSString+MD5Addition.m */,
				6BBE08321A524EA800FC15C6 /* UIDevice+IdentifierAddition.h */,
				6BBE08331A524EA800FC15C6 /* UIDevice+IdentifierAddition.m */,
			);
			path = libcore;
			sourceTree = "<group>";
		};
		6BBE08401A524EA800FC15C6 /* data */ = {
			isa = PBXGroup;
			children = (
				6BBE08411A524EA800FC15C6 /* LookForContentModel.h */,
				6BBE08421A524EA800FC15C6 /* LookForContentModel.m */,
			);
			path = data;
			sourceTree = "<group>";
		};
		6BBE08461A524EA800FC15C6 /* service */ = {
			isa = PBXGroup;
			children = (
				6BBE08A21A52507E00FC15C6 /* LookForLoginService.h */,
				6BBE08A31A52507E00FC15C6 /* LookForLoginService.m */,
				6BBE08471A524EA800FC15C6 /* LookForBaseService.h */,
				6BBE08481A524EA800FC15C6 /* LookForBaseService.m */,
				6BBE08571A524EA800FC15C6 /* LookForServiceSchedular.h */,
				6BBE08581A524EA800FC15C6 /* LookForServiceSchedular.m */,
			);
			path = service;
			sourceTree = "<group>";
		};
		6BBE08591A524EA800FC15C6 /* Utilty */ = {
			isa = PBXGroup;
			children = (
				6BBE085A1A524EA800FC15C6 /* AFNetworking */,
				6BBE08721A524EA800FC15C6 /* FMDB */,
			);
			path = Utilty;
			sourceTree = "<group>";
		};
		6BBE085A1A524EA800FC15C6 /* AFNetworking */ = {
			isa = PBXGroup;
			children = (
				6BBE085B1A524EA800FC15C6 /* AFHTTPRequestOperation.h */,
				6BBE085C1A524EA800FC15C6 /* AFHTTPRequestOperation.m */,
				6BBE085D1A524EA800FC15C6 /* AFHTTPRequestOperationManager.h */,
				6BBE085E1A524EA800FC15C6 /* AFHTTPRequestOperationManager.m */,
				6BBE085F1A524EA800FC15C6 /* AFHTTPSessionManager.h */,
				6BBE08601A524EA800FC15C6 /* AFHTTPSessionManager.m */,
				6BBE08611A524EA800FC15C6 /* AFNetworking.h */,
				6BBE08621A524EA800FC15C6 /* AFNetworkReachabilityManager.h */,
				6BBE08631A524EA800FC15C6 /* AFNetworkReachabilityManager.m */,
				6BBE08641A524EA800FC15C6 /* AFSecurityPolicy.h */,
				6BBE08651A524EA800FC15C6 /* AFSecurityPolicy.m */,
				6BBE08661A524EA800FC15C6 /* AFURLConnectionOperation.h */,
				6BBE08671A524EA800FC15C6 /* AFURLConnectionOperation.m */,
				6BBE08681A524EA800FC15C6 /* AFURLRequestSerialization.h */,
				6BBE08691A524EA800FC15C6 /* AFURLRequestSerialization.m */,
				6BBE086A1A524EA800FC15C6 /* AFURLResponseSerialization.h */,
				6BBE086B1A524EA800FC15C6 /* AFURLResponseSerialization.m */,
				6BBE086C1A524EA800FC15C6 /* AFURLSessionManager.h */,
				6BBE086D1A524EA800FC15C6 /* AFURLSessionManager.m */,
				6BBE086E1A524EA800FC15C6 /* NSString+MD5.h */,
				6BBE086F1A524EA800FC15C6 /* NSString+MD5.m */,
				6BBE08701A524EA800FC15C6 /* UIImageView+AFNetworking.h */,
				6BBE08711A524EA800FC15C6 /* UIImageView+AFNetworking.m */,
			);
			path = AFNetworking;
			sourceTree = "<group>";
		};
		6BBE08721A524EA800FC15C6 /* FMDB */ = {
			isa = PBXGroup;
			children = (
				6BBE08731A524EA800FC15C6 /* FMDatabase.h */,
				6BBE08741A524EA800FC15C6 /* FMDatabase.m */,
				6BBE08751A524EA800FC15C6 /* FMDatabaseAdditions.h */,
				6BBE08761A524EA800FC15C6 /* FMDatabaseAdditions.m */,
				6BBE08771A524EA800FC15C6 /* FMDatabasePool.h */,
				6BBE08781A524EA800FC15C6 /* FMDatabasePool.m */,
				6BBE08791A524EA800FC15C6 /* FMDatabaseQueue.h */,
				6BBE087A1A524EA800FC15C6 /* FMDatabaseQueue.m */,
				6BBE087B1A524EA800FC15C6 /* FMDB.h */,
				6BBE087C1A524EA800FC15C6 /* FMResultSet.h */,
				6BBE087D1A524EA800FC15C6 /* FMResultSet.m */,
			);
			path = FMDB;
			sourceTree = "<group>";
		};
		6BBE08B31A527A9100FC15C6 /* LookForView */ = {
			isa = PBXGroup;
			children = (
				6B64CEFC1A5BD7E700C2B98A /* LookForRightSlideButtonView.h */,
				6B64CEFD1A5BD7E700C2B98A /* LookForRightSlideButtonView.m */,
				6B64CED81A5AADE200C2B98A /* AnnotationView */,
				6BBE090D1A539C1500FC15C6 /* CommonTool.h */,
				6BBE090E1A539C1500FC15C6 /* CommonTool.m */,
				6BBE090F1A539C1500FC15C6 /* CreateViewTool.h */,
				6BBE09101A539C1500FC15C6 /* CreateViewTool.m */,
				6BBE08B41A527A9100FC15C6 /* UIKitUtilty */,
			);
			path = LookForView;
			sourceTree = "<group>";
		};
		6BBE08B41A527A9100FC15C6 /* UIKitUtilty */ = {
			isa = PBXGroup;
			children = (
				6BBE09171A539CF800FC15C6 /* SDWebImage */,
				6BBE08B51A527B6400FC15C6 /* BaiduMap */,
			);
			path = UIKitUtilty;
			sourceTree = "<group>";
		};
		6BBE08B51A527B6400FC15C6 /* BaiduMap */ = {
			isa = PBXGroup;
			children = (
				6BBE08B61A527B6400FC15C6 /* inc */,
				6BBE08F41A527B6400FC15C6 /* libbaidumapapi.a */,
				6BBE08F51A527B6400FC15C6 /* mapapi.bundle */,
			);
			path = BaiduMap;
			sourceTree = "<group>";
		};
		6BBE08B61A527B6400FC15C6 /* inc */ = {
			isa = PBXGroup;
			children = (
				6BBE08B71A527B6400FC15C6 /* BMapKit.h */,
				6BBE08B81A527B6400FC15C6 /* BMKActionPaopaoView.h */,
				6BBE08B91A527B6400FC15C6 /* BMKAnnotation.h */,
				6BBE08BA1A527B6400FC15C6 /* BMKAnnotationView.h */,
				6BBE08BB1A527B6400FC15C6 /* BMKArcline.h */,
				6BBE08BC1A527B6400FC15C6 /* BMKArclineView.h */,
				6BBE08BD1A527B6400FC15C6 /* BMKBaseComponent.h */,
				6BBE08BE1A527B6400FC15C6 /* BMKBusLineSearch.h */,
				6BBE08BF1A527B6400FC15C6 /* BMKBusLineSearchOption.h */,
				6BBE08C01A527B6400FC15C6 /* BMKCircle.h */,
				6BBE08C11A527B6400FC15C6 /* BMKCircleView.h */,
				6BBE08C21A527B6400FC15C6 /* BMKCloudPOIList.h */,
				6BBE08C31A527B6400FC15C6 /* BMKCloudSearch.h */,
				6BBE08C41A527B6400FC15C6 /* BMKCloudSearchComponent.h */,
				6BBE08C51A527B6400FC15C6 /* BMKCloudSearchInfo.h */,
				6BBE08C61A527B6400FC15C6 /* BMKGeneralDelegate.h */,
				6BBE08C71A527B6400FC15C6 /* BMKGeocodeSearch.h */,
				6BBE08C81A527B6400FC15C6 /* BMKGeocodeSearchOption.h */,
				6BBE08C91A527B6400FC15C6 /* BMKGeocodeType.h */,
				6BBE08CA1A527B6400FC15C6 /* BMKGeometry.h */,
				6BBE08CB1A527B6400FC15C6 /* BMKGradient.h */,
				6BBE08CC1A527B6400FC15C6 /* BMKGroundOverlay.h */,
				6BBE08CD1A527B6400FC15C6 /* BMKGroundOverlayView.h */,
				6BBE08CE1A527B6400FC15C6 /* BMKHeatMap.h */,
				6BBE08CF1A527B6400FC15C6 /* BMKLocationComponent.h */,
				6BBE08D01A527B6400FC15C6 /* BMKLocationService.h */,
				6BBE08D11A527B6400FC15C6 /* BMKLocationViewDisplayParam.h */,
				6BBE08D21A527B6400FC15C6 /* BMKMapComponent.h */,
				6BBE08D31A527B6400FC15C6 /* BMKMapManager.h */,
				6BBE08D41A527B6400FC15C6 /* BMKMapStatus.h */,
				6BBE08D51A527B6400FC15C6 /* BMKMapView.h */,
				6BBE08D61A527B6400FC15C6 /* BMKMultiPoint.h */,
				6BBE08D71A527B6400FC15C6 /* BMKNavigation.h */,
				6BBE08D81A527B6400FC15C6 /* BMKOfflineMap.h */,
				6BBE08D91A527B6400FC15C6 /* BMKOfflineMapType.h */,
				6BBE08DA1A527B6400FC15C6 /* BMKOverlay.h */,
				6BBE08DB1A527B6400FC15C6 /* BMKOverlayGLBasicView.h */,
				6BBE08DC1A527B6400FC15C6 /* BMKOverlayPathView.h */,
				6BBE08DD1A527B6400FC15C6 /* BMKOverlayView.h */,
				6BBE08DE1A527B6400FC15C6 /* BMKPinAnnotationView.h */,
				6BBE08DF1A527B6400FC15C6 /* BMKPointAnnotation.h */,
				6BBE08E01A527B6400FC15C6 /* BMKPoiSearch.h */,
				6BBE08E11A527B6400FC15C6 /* BMKPoiSearchOption.h */,
				6BBE08E21A527B6400FC15C6 /* BMKPoiSearchType.h */,
				6BBE08E31A527B6400FC15C6 /* BMKPolygon.h */,
				6BBE08E41A527B6400FC15C6 /* BMKPolygonView.h */,
				6BBE08E51A527B6400FC15C6 /* BMKPolyline.h */,
				6BBE08E61A527B6400FC15C6 /* BMKPolylineView.h */,
				6BBE08E71A527B6400FC15C6 /* BMKRouteSearch.h */,
				6BBE08E81A527B6400FC15C6 /* BMKRouteSearchOption.h */,
				6BBE08E91A527B6400FC15C6 /* BMKRouteSearchType.h */,
				6BBE08EA1A527B6400FC15C6 /* BMKSearchComponent.h */,
				6BBE08EB1A527B6400FC15C6 /* BMKShape.h */,
				6BBE08EC1A527B6400FC15C6 /* BMKShareURLSearch.h */,
				6BBE08ED1A527B6400FC15C6 /* BMKShareUrlSearchOption.h */,
				6BBE08EE1A527B6400FC15C6 /* BMKSuggestionSearch.h */,
				6BBE08EF1A527B6400FC15C6 /* BMKSuggestionSearchOption.h */,
				6BBE08F01A527B6400FC15C6 /* BMKTypes.h */,
				6BBE08F11A527B6400FC15C6 /* BMKUserLocation.h */,
				6BBE08F21A527B6400FC15C6 /* BMKUtilsComponent.h */,
				6BBE08F31A527B6400FC15C6 /* BMKVersion.h */,
			);
			path = inc;
			sourceTree = "<group>";
		};
		6BBE09001A528BC400FC15C6 /* LookForViewController */ = {
			isa = PBXGroup;
			children = (
				6BBE09441A53D4FC00FC15C6 /* LBSViewController */,
				6BBE09131A539C4B00FC15C6 /* BaseViewController */,
			);
			path = LookForViewController;
			sourceTree = "<group>";
		};
		6BBE09041A52C71400FC15C6 /* images */ = {
			isa = PBXGroup;
			children = (
				6B64CF021A5BEAB100C2B98A /* poi_1.png */,
				6BBE09051A52C81100FC15C6 /* Default-568h@2x.png */,
				6BBE09061A52C81100FC15C6 /* Default.png */,
				6BBE09071A52C81100FC15C6 /* icare_iphone_lightline.png */,
				6BBE09081A52C81100FC15C6 /* icare_iphone_lightpoint.png */,
			);
			path = images;
			sourceTree = "<group>";
		};
		6BBE09131A539C4B00FC15C6 /* BaseViewController */ = {
			isa = PBXGroup;
			children = (
				6BBE09141A539C4B00FC15C6 /* BasicViewController.h */,
				6BBE09151A539C4B00FC15C6 /* BasicViewController.m */,
			);
			path = BaseViewController;
			sourceTree = "<group>";
		};
		6BBE09171A539CF800FC15C6 /* SDWebImage */ = {
			isa = PBXGroup;
			children = (
				6BBE09181A539CF800FC15C6 /* MKAnnotationView+WebCache.h */,
				6BBE09191A539CF800FC15C6 /* MKAnnotationView+WebCache.m */,
				6BBE091A1A539CF800FC15C6 /* NSData+ImageContentType.h */,
				6BBE091B1A539CF800FC15C6 /* NSData+ImageContentType.m */,
				6BBE091C1A539CF800FC15C6 /* SDImageCache.h */,
				6BBE091D1A539CF800FC15C6 /* SDImageCache.m */,
				6BBE091E1A539CF800FC15C6 /* SDWebImageCompat.h */,
				6BBE091F1A539CF800FC15C6 /* SDWebImageCompat.m */,
				6BBE09201A539CF800FC15C6 /* SDWebImageDecoder.h */,
				6BBE09211A539CF800FC15C6 /* SDWebImageDecoder.m */,
				6BBE09221A539CF800FC15C6 /* SDWebImageDownloader.h */,
				6BBE09231A539CF800FC15C6 /* SDWebImageDownloader.m */,
				6BBE09241A539CF800FC15C6 /* SDWebImageDownloaderOperation.h */,
				6BBE09251A539CF800FC15C6 /* SDWebImageDownloaderOperation.m */,
				6BBE09261A539CF800FC15C6 /* SDWebImageManager.h */,
				6BBE09271A539CF800FC15C6 /* SDWebImageManager.m */,
				6BBE09281A539CF800FC15C6 /* SDWebImageOperation.h */,
				6BBE09291A539CF800FC15C6 /* SDWebImagePrefetcher.h */,
				6BBE092A1A539CF800FC15C6 /* SDWebImagePrefetcher.m */,
				6BBE092B1A539CF800FC15C6 /* UIButton+WebCache.h */,
				6BBE092C1A539CF800FC15C6 /* UIButton+WebCache.m */,
				6BBE092D1A539CF800FC15C6 /* UIImage+GIF.h */,
				6BBE092E1A539CF800FC15C6 /* UIImage+GIF.m */,
				6BBE092F1A539CF800FC15C6 /* UIImage+MultiFormat.h */,
				6BBE09301A539CF800FC15C6 /* UIImage+MultiFormat.m */,
				6BBE09311A539CF800FC15C6 /* UIImage+WebP.h */,
				6BBE09321A539CF800FC15C6 /* UIImage+WebP.m */,
				6BBE09331A539CF800FC15C6 /* UIImageView+WebCache.h */,
				6BBE09341A539CF800FC15C6 /* UIImageView+WebCache.m */,
			);
			path = SDWebImage;
			sourceTree = "<group>";
		};
		6BBE09441A53D4FC00FC15C6 /* LBSViewController */ = {
			isa = PBXGroup;
			children = (
				6BBE09451A53D4FC00FC15C6 /* LocationServiceViewController.h */,
				6BBE09461A53D4FC00FC15C6 /* LocationServiceViewController.m */,
				6B64CF071A5C354200C2B98A /* LookForRouteSearchViewController.h */,
				6B64CF081A5C354200C2B98A /* LookForRouteSearchViewController.m */,
			);
			path = LBSViewController;
			sourceTree = "<group>";
		};
		6BCB57961A512AE900060B31 = {
			isa = PBXGroup;
			children = (
				6BCB57A81A512AEA00060B31 /* LookFor */,
				6BCB57C71A512AEA00060B31 /* LookForTests */,
				6BCB57A11A512AEA00060B31 /* Frameworks */,
				6BCB57A01A512AEA00060B31 /* Products */,
			);
			sourceTree = "<group>";
		};
		6BCB57A01A512AEA00060B31 /* Products */ = {
			isa = PBXGroup;
			children = (
				6BCB579F1A512AEA00060B31 /* LookFor.app */,
				6BCB57C01A512AEA00060B31 /* LookForTests.xctest */,
			);
			name = Products;
			sourceTree = "<group>";
		};
		6BCB57A11A512AEA00060B31 /* Frameworks */ = {
			isa = PBXGroup;
			children = (
				6BBE08F81A527C2100FC15C6 /* MessageUI.framework */,
				6BBE08F91A527C2100FC15C6 /* OpenGLES.framework */,
				6BBE08FA1A527C2100FC15C6 /* Security.framework */,
				6BBE08FB1A527C2100FC15C6 /* SystemConfiguration.framework */,
				6BBE08AF1A525BD300FC15C6 /* CoreLocation.framework */,
				6BBE08A51A5251CE00FC15C6 /* CFNetwork.framework */,
				6BBE08A61A5251CE00FC15C6 /* CoreImage.framework */,
				6BBE08A71A5251CE00FC15C6 /* libsqlite3.0.dylib */,
				6BBE08A81A5251CE00FC15C6 /* QuartzCore.framework */,
				6BCB57A21A512AEA00060B31 /* Foundation.framework */,
				6BCB57A41A512AEA00060B31 /* CoreGraphics.framework */,
				6BCB57A61A512AEA00060B31 /* UIKit.framework */,
				6BCB57C11A512AEA00060B31 /* XCTest.framework */,
			);
			name = Frameworks;
			sourceTree = "<group>";
		};
		6BCB57A81A512AEA00060B31 /* LookFor */ = {
			isa = PBXGroup;
			children = (
				6BBE082B1A524EA800FC15C6 /* LookForLib */,
				6BBE08B31A527A9100FC15C6 /* LookForView */,
				6BBE09001A528BC400FC15C6 /* LookForViewController */,
				6BCB57B11A512AEA00060B31 /* LookForAppDelegate.h */,
				6BCB57B21A512AEA00060B31 /* LookForAppDelegate.mm */,
				6BCB57B71A512AEA00060B31 /* LookForViewController.h */,
				6BCB57B81A512AEA00060B31 /* LookForViewController.m */,
				6BCB57BA1A512AEA00060B31 /* Images.xcassets */,
				6BCB57A91A512AEA00060B31 /* Supporting Files */,
			);
			path = LookFor;
			sourceTree = "<group>";
		};
		6BCB57A91A512AEA00060B31 /* Supporting Files */ = {
			isa = PBXGroup;
			children = (
				6BBE09041A52C71400FC15C6 /* images */,
				6BCB57AA1A512AEA00060B31 /* LookFor-Info.plist */,
				6BCB57AB1A512AEA00060B31 /* InfoPlist.strings */,
				6BCB57AE1A512AEA00060B31 /* main.m */,
				6BCB57B01A512AEA00060B31 /* LookFor-Prefix.pch */,
			);
			name = "Supporting Files";
			sourceTree = "<group>";
		};
		6BCB57C71A512AEA00060B31 /* LookForTests */ = {
			isa = PBXGroup;
			children = (
				6BCB57CD1A512AEA00060B31 /* LookForTests.m */,
				6BCB57C81A512AEA00060B31 /* Supporting Files */,
			);
			path = LookForTests;
			sourceTree = "<group>";
		};
		6BCB57C81A512AEA00060B31 /* Supporting Files */ = {
			isa = PBXGroup;
			children = (
				6BCB57C91A512AEA00060B31 /* LookForTests-Info.plist */,
				6BCB57CA1A512AEA00060B31 /* InfoPlist.strings */,
			);
			name = "Supporting Files";
			sourceTree = "<group>";
		};
/* End PBXGroup section */

/* Begin PBXNativeTarget section */
		6BCB579E1A512AEA00060B31 /* LookFor */ = {
			isa = PBXNativeTarget;
			buildConfigurationList = 6BCB57D11A512AEA00060B31 /* Build configuration list for PBXNativeTarget "LookFor" */;
			buildPhases = (
				6BCB579B1A512AEA00060B31 /* Sources */,
				6BCB579C1A512AEA00060B31 /* Frameworks */,
				6BCB579D1A512AEA00060B31 /* Resources */,
			);
			buildRules = (
			);
			dependencies = (
			);
			name = LookFor;
			productName = LookFor;
			productReference = 6BCB579F1A512AEA00060B31 /* LookFor.app */;
			productType = "com.apple.product-type.application";
		};
		6BCB57BF1A512AEA00060B31 /* LookForTests */ = {
			isa = PBXNativeTarget;
			buildConfigurationList = 6BCB57D41A512AEA00060B31 /* Build configuration list for PBXNativeTarget "LookForTests" */;
			buildPhases = (
				6BCB57BC1A512AEA00060B31 /* Sources */,
				6BCB57BD1A512AEA00060B31 /* Frameworks */,
				6BCB57BE1A512AEA00060B31 /* Resources */,
			);
			buildRules = (
			);
			dependencies = (
				6BCB57C61A512AEA00060B31 /* PBXTargetDependency */,
			);
			name = LookForTests;
			productName = LookForTests;
			productReference = 6BCB57C01A512AEA00060B31 /* LookForTests.xctest */;
			productType = "com.apple.product-type.bundle.unit-test";
		};
/* End PBXNativeTarget section */

/* Begin PBXProject section */
		6BCB57971A512AEA00060B31 /* Project object */ = {
			isa = PBXProject;
			attributes = {
				CLASSPREFIX = LookFor;
				LastUpgradeCheck = 0510;
				ORGANIZATIONNAME = chenmingguo;
				TargetAttributes = {
					6BCB57BF1A512AEA00060B31 = {
						TestTargetID = 6BCB579E1A512AEA00060B31;
					};
				};
			};
			buildConfigurationList = 6BCB579A1A512AEA00060B31 /* Build configuration list for PBXProject "LookFor" */;
			compatibilityVersion = "Xcode 3.2";
			developmentRegion = English;
			hasScannedForEncodings = 0;
			knownRegions = (
				en,
				Base,
			);
			mainGroup = 6BCB57961A512AE900060B31;
			productRefGroup = 6BCB57A01A512AEA00060B31 /* Products */;
			projectDirPath = "";
			projectRoot = "";
			targets = (
				6BCB579E1A512AEA00060B31 /* LookFor */,
				6BCB57BF1A512AEA00060B31 /* LookForTests */,
			);
		};
/* End PBXProject section */

/* Begin PBXResourcesBuildPhase section */
		6BCB579D1A512AEA00060B31 /* Resources */ = {
			isa = PBXResourcesBuildPhase;
			buildActionMask = 2147483647;
			files = (
				6BBE08F71A527B6400FC15C6 /* mapapi.bundle in Resources */,
				6BBE09091A52C81100FC15C6 /* Default-568h@2x.png in Resources */,
				6BBE090B1A52C81100FC15C6 /* icare_iphone_lightline.png in Resources */,
				6BCB57BB1A512AEA00060B31 /* Images.xcassets in Resources */,
				6B64CF031A5BEAB100C2B98A /* poi_1.png in Resources */,
				6BCB57AD1A512AEA00060B31 /* InfoPlist.strings in Resources */,
				6BBE090C1A52C81100FC15C6 /* icare_iphone_lightpoint.png in Resources */,
				6BBE090A1A52C81100FC15C6 /* Default.png in Resources */,
			);
			runOnlyForDeploymentPostprocessing = 0;
		};
		6BCB57BE1A512AEA00060B31 /* Resources */ = {
			isa = PBXResourcesBuildPhase;
			buildActionMask = 2147483647;
			files = (
				6BCB57CC1A512AEA00060B31 /* InfoPlist.strings in Resources */,
			);
			runOnlyForDeploymentPostprocessing = 0;
		};
/* End PBXResourcesBuildPhase section */

/* Begin PBXSourcesBuildPhase section */
		6BCB579B1A512AEA00060B31 /* Sources */ = {
			isa = PBXSourcesBuildPhase;
			buildActionMask = 2147483647;
			files = (
				6BBE09471A53D4FC00FC15C6 /* LocationServiceViewController.m in Sources */,
				6BBE09391A539CF800FC15C6 /* SDWebImageDecoder.m in Sources */,
				6BBE093C1A539CF800FC15C6 /* SDWebImageManager.m in Sources */,
				6BBE09111A539C1500FC15C6 /* CommonTool.m in Sources */,
				6B64CEFE1A5BD7E700C2B98A /* LookForRightSlideButtonView.m in Sources */,
				6BBE08961A524EA800FC15C6 /* AFSecurityPolicy.m in Sources */,
				6BBE089C1A524EA800FC15C6 /* UIImageView+AFNetworking.m in Sources */,
				6BBE089D1A524EA800FC15C6 /* FMDatabase.m in Sources */,
				6BBE08A41A52507E00FC15C6 /* LookForLoginService.m in Sources */,
				6BBE09161A539C4B00FC15C6 /* BasicViewController.m in Sources */,
				6BBE09351A539CF800FC15C6 /* MKAnnotationView+WebCache.m in Sources */,
				6BCB57AF1A512AEA00060B31 /* main.m in Sources */,
				6BBE08891A524EA800FC15C6 /* LookForBaseService.m in Sources */,
				6BBE09411A539CF800FC15C6 /* UIImage+WebP.m in Sources */,
				6BBE08A11A524EA800FC15C6 /* FMResultSet.m in Sources */,
				6BBE09371A539CF800FC15C6 /* SDImageCache.m in Sources */,
				6BBE087F1A524EA800FC15C6 /* NSString+MD5Addition.m in Sources */,
				6BBE08971A524EA800FC15C6 /* AFURLConnectionOperation.m in Sources */,
				6BBE08801A524EA800FC15C6 /* UIDevice+IdentifierAddition.m in Sources */,
				6BBE09401A539CF800FC15C6 /* UIImage+MultiFormat.m in Sources */,
				6BBE08A01A524EA800FC15C6 /* FMDatabaseQueue.m in Sources */,
				6BBE09121A539C1500FC15C6 /* CreateViewTool.m in Sources */,
				6BBE08911A524EA800FC15C6 /* LookForServiceSchedular.m in Sources */,
				6BBE093F1A539CF800FC15C6 /* UIImage+GIF.m in Sources */,
				6BBE09381A539CF800FC15C6 /* SDWebImageCompat.m in Sources */,
				6BBE08831A524EA800FC15C6 /* LooKForDataConvert.m in Sources */,
				6BBE089A1A524EA800FC15C6 /* AFURLSessionManager.m in Sources */,
				6BCB57B31A512AEA00060B31 /* LookForAppDelegate.mm in Sources */,
				6BBE08851A524EA800FC15C6 /* LookForResponseCenter.m in Sources */,
				6BBE093B1A539CF800FC15C6 /* SDWebImageDownloaderOperation.m in Sources */,
				6BBE08821A524EA800FC15C6 /* LookForContentService.m in Sources */,
				6BBE089B1A524EA800FC15C6 /* NSString+MD5.m in Sources */,
				6BBE08991A524EA800FC15C6 /* AFURLResponseSerialization.m in Sources */,
				6BBE08931A524EA800FC15C6 /* AFHTTPRequestOperationManager.m in Sources */,
				6BBE09421A539CF800FC15C6 /* UIImageView+WebCache.m in Sources */,
				6BBE08921A524EA800FC15C6 /* AFHTTPRequestOperation.m in Sources */,
				6BBE08871A524EA800FC15C6 /* LookForContentModel.m in Sources */,
				6BBE08811A524EA800FC15C6 /* LookForConfig.m in Sources */,
				6BBE089E1A524EA800FC15C6 /* FMDatabaseAdditions.m in Sources */,
				6BBE08861A524EA800FC15C6 /* LookForUtil.m in Sources */,
				6BBE08951A524EA800FC15C6 /* AFNetworkReachabilityManager.m in Sources */,
				6BCB57B91A512AEA00060B31 /* LookForViewController.m in Sources */,
				6BBE093D1A539CF800FC15C6 /* SDWebImagePrefetcher.m in Sources */,
				6BBE087E1A524EA800FC15C6 /* DBManager.m in Sources */,
				6BBE09361A539CF800FC15C6 /* NSData+ImageContentType.m in Sources */,
				6B64CF091A5C354200C2B98A /* LookForRouteSearchViewController.m in Sources */,
				6BBE08841A524EA800FC15C6 /* LookForResponse.m in Sources */,
				6BBE08981A524EA800FC15C6 /* AFURLRequestSerialization.m in Sources */,
				6BBE08881A524EA800FC15C6 /* LookForIMP.m in Sources */,
				6B64CEDD1A5AADE200C2B98A /* AAShareBubbles.m in Sources */,
				6BBE08941A524EA800FC15C6 /* AFHTTPSessionManager.m in Sources */,
				6B64CEDE1A5AADE200C2B98A /* LookForAnnotationView.m in Sources */,
				6BBE093E1A539CF800FC15C6 /* UIButton+WebCache.m in Sources */,
				6BBE093A1A539CF800FC15C6 /* SDWebImageDownloader.m in Sources */,
				6BBE089F1A524EA800FC15C6 /* FMDatabasePool.m in Sources */,
			);
			runOnlyForDeploymentPostprocessing = 0;
		};
		6BCB57BC1A512AEA00060B31 /* Sources */ = {
			isa = PBXSourcesBuildPhase;
			buildActionMask = 2147483647;
			files = (
				6BCB57CE1A512AEA00060B31 /* LookForTests.m in Sources */,
			);
			runOnlyForDeploymentPostprocessing = 0;
		};
/* End PBXSourcesBuildPhase section */

/* Begin PBXTargetDependency section */
		6BCB57C61A512AEA00060B31 /* PBXTargetDependency */ = {
			isa = PBXTargetDependency;
			target = 6BCB579E1A512AEA00060B31 /* LookFor */;
			targetProxy = 6BCB57C51A512AEA00060B31 /* PBXContainerItemProxy */;
		};
/* End PBXTargetDependency section */

/* Begin PBXVariantGroup section */
		6BCB57AB1A512AEA00060B31 /* InfoPlist.strings */ = {
			isa = PBXVariantGroup;
			children = (
				6BCB57AC1A512AEA00060B31 /* en */,
			);
			name = InfoPlist.strings;
			sourceTree = "<group>";
		};
		6BCB57CA1A512AEA00060B31 /* InfoPlist.strings */ = {
			isa = PBXVariantGroup;
			children = (
				6BCB57CB1A512AEA00060B31 /* en */,
			);
			name = InfoPlist.strings;
			sourceTree = "<group>";
		};
/* End PBXVariantGroup section */

/* Begin XCBuildConfiguration section */
		6BCB57CF1A512AEA00060B31 /* Debug */ = {
			isa = XCBuildConfiguration;
			buildSettings = {
				ALWAYS_SEARCH_USER_PATHS = NO;
				CLANG_CXX_LANGUAGE_STANDARD = "gnu++0x";
				CLANG_CXX_LIBRARY = "libc++";
				CLANG_ENABLE_MODULES = YES;
				CLANG_ENABLE_OBJC_ARC = YES;
				CLANG_WARN_BOOL_CONVERSION = YES;
				CLANG_WARN_CONSTANT_CONVERSION = YES;
				CLANG_WARN_DIRECT_OBJC_ISA_USAGE = YES_ERROR;
				CLANG_WARN_EMPTY_BODY = YES;
				CLANG_WARN_ENUM_CONVERSION = YES;
				CLANG_WARN_INT_CONVERSION = YES;
				CLANG_WARN_OBJC_ROOT_CLASS = YES_ERROR;
				CLANG_WARN__DUPLICATE_METHOD_MATCH = YES;
				"CODE_SIGN_IDENTITY[sdk=iphoneos*]" = "iPhone Developer";
				COPY_PHASE_STRIP = NO;
				GCC_C_LANGUAGE_STANDARD = gnu99;
				GCC_DYNAMIC_NO_PIC = NO;
				GCC_OPTIMIZATION_LEVEL = 0;
				GCC_PREPROCESSOR_DEFINITIONS = (
					"DEBUG=1",
					"$(inherited)",
				);
				GCC_SYMBOLS_PRIVATE_EXTERN = NO;
				GCC_WARN_64_TO_32_BIT_CONVERSION = YES;
				GCC_WARN_ABOUT_RETURN_TYPE = YES_ERROR;
				GCC_WARN_UNDECLARED_SELECTOR = YES;
				GCC_WARN_UNINITIALIZED_AUTOS = YES_AGGRESSIVE;
				GCC_WARN_UNUSED_FUNCTION = YES;
				GCC_WARN_UNUSED_VARIABLE = YES;
				IPHONEOS_DEPLOYMENT_TARGET = 7.1;
				ONLY_ACTIVE_ARCH = YES;
				SDKROOT = iphoneos;
			};
			name = Debug;
		};
		6BCB57D01A512AEA00060B31 /* Release */ = {
			isa = XCBuildConfiguration;
			buildSettings = {
				ALWAYS_SEARCH_USER_PATHS = NO;
				CLANG_CXX_LANGUAGE_STANDARD = "gnu++0x";
				CLANG_CXX_LIBRARY = "libc++";
				CLANG_ENABLE_MODULES = YES;
				CLANG_ENABLE_OBJC_ARC = YES;
				CLANG_WARN_BOOL_CONVERSION = YES;
				CLANG_WARN_CONSTANT_CONVERSION = YES;
				CLANG_WARN_DIRECT_OBJC_ISA_USAGE = YES_ERROR;
				CLANG_WARN_EMPTY_BODY = YES;
				CLANG_WARN_ENUM_CONVERSION = YES;
				CLANG_WARN_INT_CONVERSION = YES;
				CLANG_WARN_OBJC_ROOT_CLASS = YES_ERROR;
				CLANG_WARN__DUPLICATE_METHOD_MATCH = YES;
				"CODE_SIGN_IDENTITY[sdk=iphoneos*]" = "iPhone Developer";
				COPY_PHASE_STRIP = YES;
				ENABLE_NS_ASSERTIONS = NO;
				GCC_C_LANGUAGE_STANDARD = gnu99;
				GCC_WARN_64_TO_32_BIT_CONVERSION = YES;
				GCC_WARN_ABOUT_RETURN_TYPE = YES_ERROR;
				GCC_WARN_UNDECLARED_SELECTOR = YES;
				GCC_WARN_UNINITIALIZED_AUTOS = YES_AGGRESSIVE;
				GCC_WARN_UNUSED_FUNCTION = YES;
				GCC_WARN_UNUSED_VARIABLE = YES;
				IPHONEOS_DEPLOYMENT_TARGET = 7.1;
				SDKROOT = iphoneos;
				VALIDATE_PRODUCT = YES;
			};
			name = Release;
		};
		6BCB57D21A512AEA00060B31 /* Debug */ = {
			isa = XCBuildConfiguration;
			buildSettings = {
				ASSETCATALOG_COMPILER_APPICON_NAME = AppIcon;
				ASSETCATALOG_COMPILER_LAUNCHIMAGE_NAME = LaunchImage;
				CLANG_CXX_LIBRARY = "libstdc++";
				GCC_PRECOMPILE_PREFIX_HEADER = YES;
				GCC_PREFIX_HEADER = "LookFor/LookFor-Prefix.pch";
				INFOPLIST_FILE = "LookFor/LookFor-Info.plist";
				IPHONEOS_DEPLOYMENT_TARGET = 7.0;
				LIBRARY_SEARCH_PATHS = (
					"$(inherited)",
					"$(PROJECT_DIR)/LookFor/LookForView/UIKitUtilty/BaiduMap",
				);
				OTHER_LDFLAGS = "-ObjC";
				PRODUCT_NAME = "$(TARGET_NAME)";
				WRAPPER_EXTENSION = app;
			};
			name = Debug;
		};
		6BCB57D31A512AEA00060B31 /* Release */ = {
			isa = XCBuildConfiguration;
			buildSettings = {
				ASSETCATALOG_COMPILER_APPICON_NAME = AppIcon;
				ASSETCATALOG_COMPILER_LAUNCHIMAGE_NAME = LaunchImage;
				CLANG_CXX_LIBRARY = "libstdc++";
				GCC_PRECOMPILE_PREFIX_HEADER = YES;
				GCC_PREFIX_HEADER = "LookFor/LookFor-Prefix.pch";
				INFOPLIST_FILE = "LookFor/LookFor-Info.plist";
				IPHONEOS_DEPLOYMENT_TARGET = 7.0;
				LIBRARY_SEARCH_PATHS = (
					"$(inherited)",
					"$(PROJECT_DIR)/LookFor/LookForView/UIKitUtilty/BaiduMap",
				);
				OTHER_LDFLAGS = "-ObjC";
				PRODUCT_NAME = "$(TARGET_NAME)";
				WRAPPER_EXTENSION = app;
			};
			name = Release;
		};
		6BCB57D51A512AEA00060B31 /* Debug */ = {
			isa = XCBuildConfiguration;
			buildSettings = {
				BUNDLE_LOADER = "$(BUILT_PRODUCTS_DIR)/LookFor.app/LookFor";
				FRAMEWORK_SEARCH_PATHS = (
					"$(SDKROOT)/Developer/Library/Frameworks",
					"$(inherited)",
					"$(DEVELOPER_FRAMEWORKS_DIR)",
				);
				GCC_PRECOMPILE_PREFIX_HEADER = YES;
				GCC_PREFIX_HEADER = "LookFor/LookFor-Prefix.pch";
				GCC_PREPROCESSOR_DEFINITIONS = (
					"DEBUG=1",
					"$(inherited)",
				);
				INFOPLIST_FILE = "LookForTests/LookForTests-Info.plist";
				PRODUCT_NAME = "$(TARGET_NAME)";
				TEST_HOST = "$(BUNDLE_LOADER)";
				WRAPPER_EXTENSION = xctest;
			};
			name = Debug;
		};
		6BCB57D61A512AEA00060B31 /* Release */ = {
			isa = XCBuildConfiguration;
			buildSettings = {
				BUNDLE_LOADER = "$(BUILT_PRODUCTS_DIR)/LookFor.app/LookFor";
				FRAMEWORK_SEARCH_PATHS = (
					"$(SDKROOT)/Developer/Library/Frameworks",
					"$(inherited)",
					"$(DEVELOPER_FRAMEWORKS_DIR)",
				);
				GCC_PRECOMPILE_PREFIX_HEADER = YES;
				GCC_PREFIX_HEADER = "LookFor/LookFor-Prefix.pch";
				INFOPLIST_FILE = "LookForTests/LookForTests-Info.plist";
				PRODUCT_NAME = "$(TARGET_NAME)";
				TEST_HOST = "$(BUNDLE_LOADER)";
				WRAPPER_EXTENSION = xctest;
			};
			name = Release;
		};
/* End XCBuildConfiguration section */

/* Begin XCConfigurationList section */
		6BCB579A1A512AEA00060B31 /* Build configuration list for PBXProject "LookFor" */ = {
			isa = XCConfigurationList;
			buildConfigurations = (
				6BCB57CF1A512AEA00060B31 /* Debug */,
				6BCB57D01A512AEA00060B31 /* Release */,
			);
			defaultConfigurationIsVisible = 0;
			defaultConfigurationName = Release;
		};
		6BCB57D11A512AEA00060B31 /* Build configuration list for PBXNativeTarget "LookFor" */ = {
			isa = XCConfigurationList;
			buildConfigurations = (
				6BCB57D21A512AEA00060B31 /* Debug */,
				6BCB57D31A512AEA00060B31 /* Release */,
			);
			defaultConfigurationIsVisible = 0;
			defaultConfigurationName = Release;
		};
		6BCB57D41A512AEA00060B31 /* Build configuration list for PBXNativeTarget "LookForTests" */ = {
			isa = XCConfigurationList;
			buildConfigurations = (
				6BCB57D51A512AEA00060B31 /* Debug */,
				6BCB57D61A512AEA00060B31 /* Release */,
			);
			defaultConfigurationIsVisible = 0;
			defaultConfigurationName = Release;
		};
/* End XCConfigurationList section */
	};
	rootObject = 6BCB57971A512AEA00060B31 /* Project object */;
}
