// !$*UTF8*$!
{
	archiveVersion = 1;
	classes = {
	};
	objectVersion = 46;
	objects = {

/* Begin PBXBuildFile section */
		6BCB57A31A512AEA00060B31 /* Foundation.framework in Frameworks */ = {isa = PBXBuildFile; fileRef = 6BCB57A21A512AEA00060B31 /* Foundation.framework */; };
		6BCB57A51A512AEA00060B31 /* CoreGraphics.framework in Frameworks */ = {isa = PBXBuildFile; fileRef = 6BCB57A41A512AEA00060B31 /* CoreGraphics.framework */; };
		6BCB57A71A512AEA00060B31 /* UIKit.framework in Frameworks */ = {isa = PBXBuildFile; fileRef = 6BCB57A61A512AEA00060B31 /* UIKit.framework */; };
		6BCB57AD1A512AEA00060B31 /* InfoPlist.strings in Resources */ = {isa = PBXBuildFile; fileRef = 6BCB57AB1A512AEA00060B31 /* InfoPlist.strings */; };
		6BCB57AF1A512AEA00060B31 /* main.m in Sources */ = {isa = PBXBuildFile; fileRef = 6BCB57AE1A512AEA00060B31 /* main.m */; };
		6BCB57B31A512AEA00060B31 /* LookForAppDelegate.m in Sources */ = {isa = PBXBuildFile; fileRef = 6BCB57B21A512AEA00060B31 /* LookForAppDelegate.m */; };
		6BCB57B91A512AEA00060B31 /* LookForViewController.m in Sources */ = {isa = PBXBuildFile; fileRef = 6BCB57B81A512AEA00060B31 /* LookForViewController.m */; };
		6BCB57BB1A512AEA00060B31 /* Images.xcassets in Resources */ = {isa = PBXBuildFile; fileRef = 6BCB57BA1A512AEA00060B31 /* Images.xcassets */; };
		6BCB57C21A512AEA00060B31 /* XCTest.framework in Frameworks */ = {isa = PBXBuildFile; fileRef = 6BCB57C11A512AEA00060B31 /* XCTest.framework */; };
		6BCB57C31A512AEA00060B31 /* Foundation.framework in Frameworks */ = {isa = PBXBuildFile; fileRef = 6BCB57A21A512AEA00060B31 /* Foundation.framework */; };
		6BCB57C41A512AEA00060B31 /* UIKit.framework in Frameworks */ = {isa = PBXBuildFile; fileRef = 6BCB57A61A512AEA00060B31 /* UIKit.framework */; };
		6BCB57CC1A512AEA00060B31 /* InfoPlist.strings in Resources */ = {isa = PBXBuildFile; fileRef = 6BCB57CA1A512AEA00060B31 /* InfoPlist.strings */; };
		6BCB57CE1A512AEA00060B31 /* LookForTests.m in Sources */ = {isa = PBXBuildFile; fileRef = 6BCB57CD1A512AEA00060B31 /* LookForTests.m */; };
/* End PBXBuildFile section */

/* Begin PBXContainerItemProxy section */
		6BCB57C51A512AEA00060B31 /* PBXContainerItemProxy */ = {
			isa = PBXContainerItemProxy;
			containerPortal = 6BCB57971A512AEA00060B31 /* Project object */;
			proxyType = 1;
			remoteGlobalIDString = 6BCB579E1A512AEA00060B31;
			remoteInfo = LookFor;
		};
/* End PBXContainerItemProxy section */

/* Begin PBXFileReference section */
		6BCB579F1A512AEA00060B31 /* LookFor.app */ = {isa = PBXFileReference; explicitFileType = wrapper.application; includeInIndex = 0; path = LookFor.app; sourceTree = BUILT_PRODUCTS_DIR; };
		6BCB57A21A512AEA00060B31 /* Foundation.framework */ = {isa = PBXFileReference; lastKnownFileType = wrapper.framework; name = Foundation.framework; path = System/Library/Frameworks/Foundation.framework; sourceTree = SDKROOT; };
		6BCB57A41A512AEA00060B31 /* CoreGraphics.framework */ = {isa = PBXFileReference; lastKnownFileType = wrapper.framework; name = CoreGraphics.framework; path = System/Library/Frameworks/CoreGraphics.framework; sourceTree = SDKROOT; };
		6BCB57A61A512AEA00060B31 /* UIKit.framework */ = {isa = PBXFileReference; lastKnownFileType = wrapper.framework; name = UIKit.framework; path = System/Library/Frameworks/UIKit.framework; sourceTree = SDKROOT; };
		6BCB57AA1A512AEA00060B31 /* LookFor-Info.plist */ = {isa = PBXFileReference; lastKnownFileType = text.plist.xml; path = "LookFor-Info.plist"; sourceTree = "<group>"; };
		6BCB57AC1A512AEA00060B31 /* en */ = {isa = PBXFileReference; lastKnownFileType = text.plist.strings; name = en; path = en.lproj/InfoPlist.strings; sourceTree = "<group>"; };
		6BCB57AE1A512AEA00060B31 /* main.m */ = {isa = PBXFileReference; lastKnownFileType = sourcecode.c.objc; path = main.m; sourceTree = "<group>"; };
		6BCB57B01A512AEA00060B31 /* LookFor-Prefix.pch */ = {isa = PBXFileReference; lastKnownFileType = sourcecode.c.h; path = "LookFor-Prefix.pch"; sourceTree = "<group>"; };
		6BCB57B11A512AEA00060B31 /* LookForAppDelegate.h */ = {isa = PBXFileReference; lastKnownFileType = sourcecode.c.h; path = LookForAppDelegate.h; sourceTree = "<group>"; };
		6BCB57B21A512AEA00060B31 /* LookForAppDelegate.m */ = {isa = PBXFileReference; lastKnownFileType = sourcecode.c.objc; path = LookForAppDelegate.m; sourceTree = "<group>"; };
		6BCB57B71A512AEA00060B31 /* LookForViewController.h */ = {isa = PBXFileReference; lastKnownFileType = sourcecode.c.h; path = LookForViewController.h; sourceTree = "<group>"; };
		6BCB57B81A512AEA00060B31 /* LookForViewController.m */ = {isa = PBXFileReference; lastKnownFileType = sourcecode.c.objc; path = LookForViewController.m; sourceTree = "<group>"; };
		6BCB57BA1A512AEA00060B31 /* Images.xcassets */ = {isa = PBXFileReference; lastKnownFileType = folder.assetcatalog; path = Images.xcassets; sourceTree = "<group>"; };
		6BCB57C01A512AEA00060B31 /* LookForTests.xctest */ = {isa = PBXFileReference; explicitFileType = wrapper.cfbundle; includeInIndex = 0; path = LookForTests.xctest; sourceTree = BUILT_PRODUCTS_DIR; };
		6BCB57C11A512AEA00060B31 /* XCTest.framework */ = {isa = PBXFileReference; lastKnownFileType = wrapper.framework; name = XCTest.framework; path = Library/Frameworks/XCTest.framework; sourceTree = DEVELOPER_DIR; };
		6BCB57C91A512AEA00060B31 /* LookForTests-Info.plist */ = {isa = PBXFileReference; lastKnownFileType = text.plist.xml; path = "LookForTests-Info.plist"; sourceTree = "<group>"; };
		6BCB57CB1A512AEA00060B31 /* en */ = {isa = PBXFileReference; lastKnownFileType = text.plist.strings; name = en; path = en.lproj/InfoPlist.strings; sourceTree = "<group>"; };
		6BCB57CD1A512AEA00060B31 /* LookForTests.m */ = {isa = PBXFileReference; lastKnownFileType = sourcecode.c.objc; path = LookForTests.m; sourceTree = "<group>"; };
/* End PBXFileReference section */

/* Begin PBXFrameworksBuildPhase section */
		6BCB579C1A512AEA00060B31 /* Frameworks */ = {
			isa = PBXFrameworksBuildPhase;
			buildActionMask = 2147483647;
			files = (
				6BCB57A51A512AEA00060B31 /* CoreGraphics.framework in Frameworks */,
				6BCB57A71A512AEA00060B31 /* UIKit.framework in Frameworks */,
				6BCB57A31A512AEA00060B31 /* Foundation.framework in Frameworks */,
			);
			runOnlyForDeploymentPostprocessing = 0;
		};
		6BCB57BD1A512AEA00060B31 /* Frameworks */ = {
			isa = PBXFrameworksBuildPhase;
			buildActionMask = 2147483647;
			files = (
				6BCB57C21A512AEA00060B31 /* XCTest.framework in Frameworks */,
				6BCB57C41A512AEA00060B31 /* UIKit.framework in Frameworks */,
				6BCB57C31A512AEA00060B31 /* Foundation.framework in Frameworks */,
			);
			runOnlyForDeploymentPostprocessing = 0;
		};
/* End PBXFrameworksBuildPhase section */

/* Begin PBXGroup section */
		6BCB57961A512AE900060B31 = {
			isa = PBXGroup;
			children = (
				6BCB57A81A512AEA00060B31 /* LookFor */,
				6BCB57C71A512AEA00060B31 /* LookForTests */,
				6BCB57A11A512AEA00060B31 /* Frameworks */,
				6BCB57A01A512AEA00060B31 /* Products */,
			);
			sourceTree = "<group>";
		};
		6BCB57A01A512AEA00060B31 /* Products */ = {
			isa = PBXGroup;
			children = (
				6BCB579F1A512AEA00060B31 /* LookFor.app */,
				6BCB57C01A512AEA00060B31 /* LookForTests.xctest */,
			);
			name = Products;
			sourceTree = "<group>";
		};
		6BCB57A11A512AEA00060B31 /* Frameworks */ = {
			isa = PBXGroup;
			children = (
				6BCB57A21A512AEA00060B31 /* Foundation.framework */,
				6BCB57A41A512AEA00060B31 /* CoreGraphics.framework */,
				6BCB57A61A512AEA00060B31 /* UIKit.framework */,
				6BCB57C11A512AEA00060B31 /* XCTest.framework */,
			);
			name = Frameworks;
			sourceTree = "<group>";
		};
		6BCB57A81A512AEA00060B31 /* LookFor */ = {
			isa = PBXGroup;
			children = (
				6BCB57B11A512AEA00060B31 /* LookForAppDelegate.h */,
				6BCB57B21A512AEA00060B31 /* LookForAppDelegate.m */,
				6BCB57B71A512AEA00060B31 /* LookForViewController.h */,
				6BCB57B81A512AEA00060B31 /* LookForViewController.m */,
				6BCB57BA1A512AEA00060B31 /* Images.xcassets */,
				6BCB57A91A512AEA00060B31 /* Supporting Files */,
			);
			path = LookFor;
			sourceTree = "<group>";
		};
		6BCB57A91A512AEA00060B31 /* Supporting Files */ = {
			isa = PBXGroup;
			children = (
				6BCB57AA1A512AEA00060B31 /* LookFor-Info.plist */,
				6BCB57AB1A512AEA00060B31 /* InfoPlist.strings */,
				6BCB57AE1A512AEA00060B31 /* main.m */,
				6BCB57B01A512AEA00060B31 /* LookFor-Prefix.pch */,
			);
			name = "Supporting Files";
			sourceTree = "<group>";
		};
		6BCB57C71A512AEA00060B31 /* LookForTests */ = {
			isa = PBXGroup;
			children = (
				6BCB57CD1A512AEA00060B31 /* LookForTests.m */,
				6BCB57C81A512AEA00060B31 /* Supporting Files */,
			);
			path = LookForTests;
			sourceTree = "<group>";
		};
		6BCB57C81A512AEA00060B31 /* Supporting Files */ = {
			isa = PBXGroup;
			children = (
				6BCB57C91A512AEA00060B31 /* LookForTests-Info.plist */,
				6BCB57CA1A512AEA00060B31 /* InfoPlist.strings */,
			);
			name = "Supporting Files";
			sourceTree = "<group>";
		};
/* End PBXGroup section */

/* Begin PBXNativeTarget section */
		6BCB579E1A512AEA00060B31 /* LookFor */ = {
			isa = PBXNativeTarget;
			buildConfigurationList = 6BCB57D11A512AEA00060B31 /* Build configuration list for PBXNativeTarget "LookFor" */;
			buildPhases = (
				6BCB579B1A512AEA00060B31 /* Sources */,
				6BCB579C1A512AEA00060B31 /* Frameworks */,
				6BCB579D1A512AEA00060B31 /* Resources */,
			);
			buildRules = (
			);
			dependencies = (
			);
			name = LookFor;
			productName = LookFor;
			productReference = 6BCB579F1A512AEA00060B31 /* LookFor.app */;
			productType = "com.apple.product-type.application";
		};
		6BCB57BF1A512AEA00060B31 /* LookForTests */ = {
			isa = PBXNativeTarget;
			buildConfigurationList = 6BCB57D41A512AEA00060B31 /* Build configuration list for PBXNativeTarget "LookForTests" */;
			buildPhases = (
				6BCB57BC1A512AEA00060B31 /* Sources */,
				6BCB57BD1A512AEA00060B31 /* Frameworks */,
				6BCB57BE1A512AEA00060B31 /* Resources */,
			);
			buildRules = (
			);
			dependencies = (
				6BCB57C61A512AEA00060B31 /* PBXTargetDependency */,
			);
			name = LookForTests;
			productName = LookForTests;
			productReference = 6BCB57C01A512AEA00060B31 /* LookForTests.xctest */;
			productType = "com.apple.product-type.bundle.unit-test";
		};
/* End PBXNativeTarget section */

/* Begin PBXProject section */
		6BCB57971A512AEA00060B31 /* Project object */ = {
			isa = PBXProject;
			attributes = {
				CLASSPREFIX = LookFor;
				LastUpgradeCheck = 0510;
				ORGANIZATIONNAME = chenmingguo;
				TargetAttributes = {
					6BCB57BF1A512AEA00060B31 = {
						TestTargetID = 6BCB579E1A512AEA00060B31;
					};
				};
			};
			buildConfigurationList = 6BCB579A1A512AEA00060B31 /* Build configuration list for PBXProject "LookFor" */;
			compatibilityVersion = "Xcode 3.2";
			developmentRegion = English;
			hasScannedForEncodings = 0;
			knownRegions = (
				en,
				Base,
			);
			mainGroup = 6BCB57961A512AE900060B31;
			productRefGroup = 6BCB57A01A512AEA00060B31 /* Products */;
			projectDirPath = "";
			projectRoot = "";
			targets = (
				6BCB579E1A512AEA00060B31 /* LookFor */,
				6BCB57BF1A512AEA00060B31 /* LookForTests */,
			);
		};
/* End PBXProject section */

/* Begin PBXResourcesBuildPhase section */
		6BCB579D1A512AEA00060B31 /* Resources */ = {
			isa = PBXResourcesBuildPhase;
			buildActionMask = 2147483647;
			files = (
				6BCB57BB1A512AEA00060B31 /* Images.xcassets in Resources */,
				6BCB57AD1A512AEA00060B31 /* InfoPlist.strings in Resources */,
			);
			runOnlyForDeploymentPostprocessing = 0;
		};
		6BCB57BE1A512AEA00060B31 /* Resources */ = {
			isa = PBXResourcesBuildPhase;
			buildActionMask = 2147483647;
			files = (
				6BCB57CC1A512AEA00060B31 /* InfoPlist.strings in Resources */,
			);
			runOnlyForDeploymentPostprocessing = 0;
		};
/* End PBXResourcesBuildPhase section */

/* Begin PBXSourcesBuildPhase section */
		6BCB579B1A512AEA00060B31 /* Sources */ = {
			isa = PBXSourcesBuildPhase;
			buildActionMask = 2147483647;
			files = (
				6BCB57AF1A512AEA00060B31 /* main.m in Sources */,
				6BCB57B31A512AEA00060B31 /* LookForAppDelegate.m in Sources */,
				6BCB57B91A512AEA00060B31 /* LookForViewController.m in Sources */,
			);
			runOnlyForDeploymentPostprocessing = 0;
		};
		6BCB57BC1A512AEA00060B31 /* Sources */ = {
			isa = PBXSourcesBuildPhase;
			buildActionMask = 2147483647;
			files = (
				6BCB57CE1A512AEA00060B31 /* LookForTests.m in Sources */,
			);
			runOnlyForDeploymentPostprocessing = 0;
		};
/* End PBXSourcesBuildPhase section */

/* Begin PBXTargetDependency section */
		6BCB57C61A512AEA00060B31 /* PBXTargetDependency */ = {
			isa = PBXTargetDependency;
			target = 6BCB579E1A512AEA00060B31 /* LookFor */;
			targetProxy = 6BCB57C51A512AEA00060B31 /* PBXContainerItemProxy */;
		};
/* End PBXTargetDependency section */

/* Begin PBXVariantGroup section */
		6BCB57AB1A512AEA00060B31 /* InfoPlist.strings */ = {
			isa = PBXVariantGroup;
			children = (
				6BCB57AC1A512AEA00060B31 /* en */,
			);
			name = InfoPlist.strings;
			sourceTree = "<group>";
		};
		6BCB57CA1A512AEA00060B31 /* InfoPlist.strings */ = {
			isa = PBXVariantGroup;
			children = (
				6BCB57CB1A512AEA00060B31 /* en */,
			);
			name = InfoPlist.strings;
			sourceTree = "<group>";
		};
/* End PBXVariantGroup section */

/* Begin XCBuildConfiguration section */
		6BCB57CF1A512AEA00060B31 /* Debug */ = {
			isa = XCBuildConfiguration;
			buildSettings = {
				ALWAYS_SEARCH_USER_PATHS = NO;
				CLANG_CXX_LANGUAGE_STANDARD = "gnu++0x";
				CLANG_CXX_LIBRARY = "libc++";
				CLANG_ENABLE_MODULES = YES;
				CLANG_ENABLE_OBJC_ARC = YES;
				CLANG_WARN_BOOL_CONVERSION = YES;
				CLANG_WARN_CONSTANT_CONVERSION = YES;
				CLANG_WARN_DIRECT_OBJC_ISA_USAGE = YES_ERROR;
				CLANG_WARN_EMPTY_BODY = YES;
				CLANG_WARN_ENUM_CONVERSION = YES;
				CLANG_WARN_INT_CONVERSION = YES;
				CLANG_WARN_OBJC_ROOT_CLASS = YES_ERROR;
				CLANG_WARN__DUPLICATE_METHOD_MATCH = YES;
				"CODE_SIGN_IDENTITY[sdk=iphoneos*]" = "iPhone Developer";
				COPY_PHASE_STRIP = NO;
				GCC_C_LANGUAGE_STANDARD = gnu99;
				GCC_DYNAMIC_NO_PIC = NO;
				GCC_OPTIMIZATION_LEVEL = 0;
				GCC_PREPROCESSOR_DEFINITIONS = (
					"DEBUG=1",
					"$(inherited)",
				);
				GCC_SYMBOLS_PRIVATE_EXTERN = NO;
				GCC_WARN_64_TO_32_BIT_CONVERSION = YES;
				GCC_WARN_ABOUT_RETURN_TYPE = YES_ERROR;
				GCC_WARN_UNDECLARED_SELECTOR = YES;
				GCC_WARN_UNINITIALIZED_AUTOS = YES_AGGRESSIVE;
				GCC_WARN_UNUSED_FUNCTION = YES;
				GCC_WARN_UNUSED_VARIABLE = YES;
				IPHONEOS_DEPLOYMENT_TARGET = 7.1;
				ONLY_ACTIVE_ARCH = YES;
				SDKROOT = iphoneos;
			};
			name = Debug;
		};
		6BCB57D01A512AEA00060B31 /* Release */ = {
			isa = XCBuildConfiguration;
			buildSettings = {
				ALWAYS_SEARCH_USER_PATHS = NO;
				CLANG_CXX_LANGUAGE_STANDARD = "gnu++0x";
				CLANG_CXX_LIBRARY = "libc++";
				CLANG_ENABLE_MODULES = YES;
				CLANG_ENABLE_OBJC_ARC = YES;
				CLANG_WARN_BOOL_CONVERSION = YES;
				CLANG_WARN_CONSTANT_CONVERSION = YES;
				CLANG_WARN_DIRECT_OBJC_ISA_USAGE = YES_ERROR;
				CLANG_WARN_EMPTY_BODY = YES;
				CLANG_WARN_ENUM_CONVERSION = YES;
				CLANG_WARN_INT_CONVERSION = YES;
				CLANG_WARN_OBJC_ROOT_CLASS = YES_ERROR;
				CLANG_WARN__DUPLICATE_METHOD_MATCH = YES;
				"CODE_SIGN_IDENTITY[sdk=iphoneos*]" = "iPhone Developer";
				COPY_PHASE_STRIP = YES;
				ENABLE_NS_ASSERTIONS = NO;
				GCC_C_LANGUAGE_STANDARD = gnu99;
				GCC_WARN_64_TO_32_BIT_CONVERSION = YES;
				GCC_WARN_ABOUT_RETURN_TYPE = YES_ERROR;
				GCC_WARN_UNDECLARED_SELECTOR = YES;
				GCC_WARN_UNINITIALIZED_AUTOS = YES_AGGRESSIVE;
				GCC_WARN_UNUSED_FUNCTION = YES;
				GCC_WARN_UNUSED_VARIABLE = YES;
				IPHONEOS_DEPLOYMENT_TARGET = 7.1;
				SDKROOT = iphoneos;
				VALIDATE_PRODUCT = YES;
			};
			name = Release;
		};
		6BCB57D21A512AEA00060B31 /* Debug */ = {
			isa = XCBuildConfiguration;
			buildSettings = {
				ASSETCATALOG_COMPILER_APPICON_NAME = AppIcon;
				ASSETCATALOG_COMPILER_LAUNCHIMAGE_NAME = LaunchImage;
				GCC_PRECOMPILE_PREFIX_HEADER = YES;
				GCC_PREFIX_HEADER = "LookFor/LookFor-Prefix.pch";
				INFOPLIST_FILE = "LookFor/LookFor-Info.plist";
				IPHONEOS_DEPLOYMENT_TARGET = 7.0;
				PRODUCT_NAME = "$(TARGET_NAME)";
				WRAPPER_EXTENSION = app;
			};
			name = Debug;
		};
		6BCB57D31A512AEA00060B31 /* Release */ = {
			isa = XCBuildConfiguration;
			buildSettings = {
				ASSETCATALOG_COMPILER_APPICON_NAME = AppIcon;
				ASSETCATALOG_COMPILER_LAUNCHIMAGE_NAME = LaunchImage;
				GCC_PRECOMPILE_PREFIX_HEADER = YES;
				GCC_PREFIX_HEADER = "LookFor/LookFor-Prefix.pch";
				INFOPLIST_FILE = "LookFor/LookFor-Info.plist";
				IPHONEOS_DEPLOYMENT_TARGET = 7.0;
				PRODUCT_NAME = "$(TARGET_NAME)";
				WRAPPER_EXTENSION = app;
			};
			name = Release;
		};
		6BCB57D51A512AEA00060B31 /* Debug */ = {
			isa = XCBuildConfiguration;
			buildSettings = {
				BUNDLE_LOADER = "$(BUILT_PRODUCTS_DIR)/LookFor.app/LookFor";
				FRAMEWORK_SEARCH_PATHS = (
					"$(SDKROOT)/Developer/Library/Frameworks",
					"$(inherited)",
					"$(DEVELOPER_FRAMEWORKS_DIR)",
				);
				GCC_PRECOMPILE_PREFIX_HEADER = YES;
				GCC_PREFIX_HEADER = "LookFor/LookFor-Prefix.pch";
				GCC_PREPROCESSOR_DEFINITIONS = (
					"DEBUG=1",
					"$(inherited)",
				);
				INFOPLIST_FILE = "LookForTests/LookForTests-Info.plist";
				PRODUCT_NAME = "$(TARGET_NAME)";
				TEST_HOST = "$(BUNDLE_LOADER)";
				WRAPPER_EXTENSION = xctest;
			};
			name = Debug;
		};
		6BCB57D61A512AEA00060B31 /* Release */ = {
			isa = XCBuildConfiguration;
			buildSettings = {
				BUNDLE_LOADER = "$(BUILT_PRODUCTS_DIR)/LookFor.app/LookFor";
				FRAMEWORK_SEARCH_PATHS = (
					"$(SDKROOT)/Developer/Library/Frameworks",
					"$(inherited)",
					"$(DEVELOPER_FRAMEWORKS_DIR)",
				);
				GCC_PRECOMPILE_PREFIX_HEADER = YES;
				GCC_PREFIX_HEADER = "LookFor/LookFor-Prefix.pch";
				INFOPLIST_FILE = "LookForTests/LookForTests-Info.plist";
				PRODUCT_NAME = "$(TARGET_NAME)";
				TEST_HOST = "$(BUNDLE_LOADER)";
				WRAPPER_EXTENSION = xctest;
			};
			name = Release;
		};
/* End XCBuildConfiguration section */

/* Begin XCConfigurationList section */
		6BCB579A1A512AEA00060B31 /* Build configuration list for PBXProject "LookFor" */ = {
			isa = XCConfigurationList;
			buildConfigurations = (
				6BCB57CF1A512AEA00060B31 /* Debug */,
				6BCB57D01A512AEA00060B31 /* Release */,
			);
			defaultConfigurationIsVisible = 0;
			defaultConfigurationName = Release;
		};
		6BCB57D11A512AEA00060B31 /* Build configuration list for PBXNativeTarget "LookFor" */ = {
			isa = XCConfigurationList;
			buildConfigurations = (
				6BCB57D21A512AEA00060B31 /* Debug */,
				6BCB57D31A512AEA00060B31 /* Release */,
			);
			defaultConfigurationIsVisible = 0;
		};
		6BCB57D41A512AEA00060B31 /* Build configuration list for PBXNativeTarget "LookForTests" */ = {
			isa = XCConfigurationList;
			buildConfigurations = (
				6BCB57D51A512AEA00060B31 /* Debug */,
				6BCB57D61A512AEA00060B31 /* Release */,
			);
			defaultConfigurationIsVisible = 0;
		};
/* End XCConfigurationList section */
	};
	rootObject = 6BCB57971A512AEA00060B31 /* Project object */;
}
